// !$*UTF8*$!
{
	archiveVersion = 1;
	classes = {
	};
	objectVersion = 46;
	objects = {

/* Begin PBXBuildFile section */
		800FB73E18DF57A900AEB582 /* NSMutableArray+AMDQueue.m in Sources */ = {isa = PBXBuildFile; fileRef = 800FB73D18DF57A900AEB582 /* NSMutableArray+AMDQueue.m */; };
		800FB74118DF588900AEB582 /* NSMutableArray+AMDStack.m in Sources */ = {isa = PBXBuildFile; fileRef = 800FB74018DF588900AEB582 /* NSMutableArray+AMDStack.m */; };
		800FB74418DF8D3400AEB582 /* AMDCoordinateUtilities.m in Sources */ = {isa = PBXBuildFile; fileRef = 800FB74318DF8D3400AEB582 /* AMDCoordinateUtilities.m */; };
		804111D618D144A100F7974F /* CoreGraphics.framework in Frameworks */ = {isa = PBXBuildFile; fileRef = 804111D518D144A100F7974F /* CoreGraphics.framework */; };
		804111D718D144B100F7974F /* Cocoa.framework in Frameworks */ = {isa = PBXBuildFile; fileRef = 80477BCF18D1313100B16692 /* Cocoa.framework */; };
		80477BDA18D1313100B16692 /* InfoPlist.strings in Resources */ = {isa = PBXBuildFile; fileRef = 80477BD818D1313100B16692 /* InfoPlist.strings */; };
		80477BDC18D1313100B16692 /* main.m in Sources */ = {isa = PBXBuildFile; fileRef = 80477BDB18D1313100B16692 /* main.m */; };
		80477BE018D1313100B16692 /* Credits.rtf in Resources */ = {isa = PBXBuildFile; fileRef = 80477BDE18D1313100B16692 /* Credits.rtf */; };
		80477BE818D1313100B16692 /* Images.xcassets in Resources */ = {isa = PBXBuildFile; fileRef = 80477BE718D1313100B16692 /* Images.xcassets */; };
		80477C2F18D1320900B16692 /* AMDBonjour.m in Sources */ = {isa = PBXBuildFile; fileRef = 80477C1318D1320800B16692 /* AMDBonjour.m */; };
		80477C3118D1320900B16692 /* AMDColor.m in Sources */ = {isa = PBXBuildFile; fileRef = 80477C1718D1320800B16692 /* AMDColor.m */; };
		80477C3418D1320900B16692 /* AMDConsole.m in Sources */ = {isa = PBXBuildFile; fileRef = 80477C1E18D1320800B16692 /* AMDConsole.m */; };
		80477C3618D1320900B16692 /* AMDFileSystem.m in Sources */ = {isa = PBXBuildFile; fileRef = 80477C2218D1320800B16692 /* AMDFileSystem.m */; };
		80477C3818D1320900B16692 /* AMDJSClass.m in Sources */ = {isa = PBXBuildFile; fileRef = 80477C2618D1320800B16692 /* AMDJSClass.m */; };
		80477C3A18D1320900B16692 /* AMDNetwork.m in Sources */ = {isa = PBXBuildFile; fileRef = 80477C2A18D1320900B16692 /* AMDNetwork.m */; };
		80477C3C18D1320900B16692 /* AMDSocket.m in Sources */ = {isa = PBXBuildFile; fileRef = 80477C2E18D1320900B16692 /* AMDSocket.m */; };
		80477C3F18D1321500B16692 /* AMDAppDelegate.m in Sources */ = {isa = PBXBuildFile; fileRef = 80477C3E18D1321500B16692 /* AMDAppDelegate.m */; };
		80477C4518D1321F00B16692 /* AMDResource.m in Sources */ = {isa = PBXBuildFile; fileRef = 80477C4418D1321F00B16692 /* AMDResource.m */; };
		8059FBEB18FF2C9D00FC66D8 /* AMDProcess.m in Sources */ = {isa = PBXBuildFile; fileRef = 8059FBEA18FF2C9D00FC66D8 /* AMDProcess.m */; };
		8059FBEE18FF4D0400FC66D8 /* AMDVirtualMachine.m in Sources */ = {isa = PBXBuildFile; fileRef = 8059FBED18FF4D0400FC66D8 /* AMDVirtualMachine.m */; };
		8068F4A318FD6A2A0082835E /* AMDEngine.m in Sources */ = {isa = PBXBuildFile; fileRef = 8068F4A218FD6A2A0082835E /* AMDEngine.m */; };
		8068F4A518FDD56D0082835E /* simple_vertex_shader.vs in Resources */ = {isa = PBXBuildFile; fileRef = 8068F4A418FDD56D0082835E /* simple_vertex_shader.vs */; };
		8068F4A718FDD57E0082835E /* simple_fragment_shader.fs in Resources */ = {isa = PBXBuildFile; fileRef = 8068F4A618FDD57E0082835E /* simple_fragment_shader.fs */; };
		8086DC9218FC8EEC0084D743 /* AMDGame.m in Sources */ = {isa = PBXBuildFile; fileRef = 8086DC9118FC8EEC0084D743 /* AMDGame.m */; };
		80A0A54519033B7700E73AA2 /* AMDEvent.m in Sources */ = {isa = PBXBuildFile; fileRef = 80A0A54419033B7700E73AA2 /* AMDEvent.m */; };
		80A0A55D1904517C00E73AA2 /* AMDEventEmitter.m in Sources */ = {isa = PBXBuildFile; fileRef = 80A0A55C1904517C00E73AA2 /* AMDEventEmitter.m */; };
		80A0A560190458DA00E73AA2 /* fs.js in Resources */ = {isa = PBXBuildFile; fileRef = 80A0A55E190458C400E73AA2 /* fs.js */; };
		80A0A561190458DA00E73AA2 /* net.js in Resources */ = {isa = PBXBuildFile; fileRef = 80A0A55F190458CD00E73AA2 /* net.js */; };
		80A0A56419045BA300E73AA2 /* AMDPathBinding.m in Sources */ = {isa = PBXBuildFile; fileRef = 80A0A56319045BA300E73AA2 /* AMDPathBinding.m */; };
		80A0A56A19045D0C00E73AA2 /* AMDHashing.m in Sources */ = {isa = PBXBuildFile; fileRef = 80A0A56919045D0C00E73AA2 /* AMDHashing.m */; };
		80A0A56C190485C000E73AA2 /* buffer.js in Resources */ = {isa = PBXBuildFile; fileRef = 80A0A56B190485C000E73AA2 /* buffer.js */; };
		80A3C76F18DA891B002EEF8C /* NSString+AMDHashing.m in Sources */ = {isa = PBXBuildFile; fileRef = 80A3C76E18DA891B002EEF8C /* NSString+AMDHashing.m */; };
		80A3C77218DA8925002EEF8C /* NSData+AMDHashing.m in Sources */ = {isa = PBXBuildFile; fileRef = 80A3C77118DA8925002EEF8C /* NSData+AMDHashing.m */; };
		80A3C77818DA8FDD002EEF8C /* AMDFileHashing.m in Sources */ = {isa = PBXBuildFile; fileRef = 80A3C77718DA8FDD002EEF8C /* AMDFileHashing.m */; };
		80A3C77B18DBD5C0002EEF8C /* AndromedaKit.framework in Frameworks */ = {isa = PBXBuildFile; fileRef = 80B5FE6418D133AD0035C62B /* AndromedaKit.framework */; };
		80AAD8CC18DD1B9800805E3D /* AMDGraphicsView.m in Sources */ = {isa = PBXBuildFile; fileRef = 80AAD8CB18DD1B9800805E3D /* AMDGraphicsView.m */; };
		80AAD8CF18DD254300805E3D /* AMDScreen.m in Sources */ = {isa = PBXBuildFile; fileRef = 80AAD8CE18DD254300805E3D /* AMDScreen.m */; };
		80AAD8D818DE7C4C00805E3D /* AMDKeyboard.m in Sources */ = {isa = PBXBuildFile; fileRef = 80AAD8D718DE7C4C00805E3D /* AMDKeyboard.m */; };
		80AAD8DB18DE7C5500805E3D /* AMDMouse.m in Sources */ = {isa = PBXBuildFile; fileRef = 80AAD8DA18DE7C5500805E3D /* AMDMouse.m */; };
		80AAD8DE18DE7C6000805E3D /* AMDGamepad.m in Sources */ = {isa = PBXBuildFile; fileRef = 80AAD8DD18DE7C6000805E3D /* AMDGamepad.m */; };
		80AAD8E118DE7C6900805E3D /* AMDInput.m in Sources */ = {isa = PBXBuildFile; fileRef = 80AAD8E018DE7C6900805E3D /* AMDInput.m */; };
		80AAD8E418DE8D4600805E3D /* AMDInputDevice.m in Sources */ = {isa = PBXBuildFile; fileRef = 80AAD8E318DE8D4600805E3D /* AMDInputDevice.m */; };
		80B3D37418FEBCE300DB0B4C /* AMDEXTSQLite.m in Sources */ = {isa = PBXBuildFile; fileRef = 80B3D37318FEBCE300DB0B4C /* AMDEXTSQLite.m */; };
		80B3D37718FEBD3A00DB0B4C /* AMDSystemExtension.m in Sources */ = {isa = PBXBuildFile; fileRef = 80B3D37618FEBD3A00DB0B4C /* AMDSystemExtension.m */; };
		80B3D37C18FED22D00DB0B4C /* sqlite.js in Resources */ = {isa = PBXBuildFile; fileRef = 80B3D37918FECE3100DB0B4C /* sqlite.js */; };
		80B3D37E18FEF33500DB0B4C /* andromeda.js in Resources */ = {isa = PBXBuildFile; fileRef = 80B3D37D18FEF32100DB0B4C /* andromeda.js */; };
		80B5FE5C18D1332B0035C62B /* test_module.js in Resources */ = {isa = PBXBuildFile; fileRef = 80477C4818D1325C00B16692 /* test_module.js */; };
		80B5FE5D18D1332B0035C62B /* test.js in Resources */ = {isa = PBXBuildFile; fileRef = 80477C4918D1325C00B16692 /* test.js */; };
		80B5FE5E18D133380035C62B /* MainMenu.xib in Resources */ = {isa = PBXBuildFile; fileRef = 80477BE418D1313100B16692 /* MainMenu.xib */; };
		80B5FE7518D133AD0035C62B /* XCTest.framework in Frameworks */ = {isa = PBXBuildFile; fileRef = 80477BEE18D1313100B16692 /* XCTest.framework */; };
		80B5FE7618D133AD0035C62B /* Cocoa.framework in Frameworks */ = {isa = PBXBuildFile; fileRef = 80477BCF18D1313100B16692 /* Cocoa.framework */; };
		80B5FE7918D133AD0035C62B /* AndromedaKit.framework in Frameworks */ = {isa = PBXBuildFile; fileRef = 80B5FE6418D133AD0035C62B /* AndromedaKit.framework */; };
		80B5FE8118D133AE0035C62B /* AndromedaKitTests.m in Sources */ = {isa = PBXBuildFile; fileRef = 80B5FE8018D133AE0035C62B /* AndromedaKitTests.m */; };
		80B5FE8918D1348E0035C62B /* AndromedaKit-Prefix.pch in Headers */ = {isa = PBXBuildFile; fileRef = 80B5FE8818D1348E0035C62B /* AndromedaKit-Prefix.pch */; };
		80B5FE9318D1352A0035C62B /* AMKFile_Private.h in Headers */ = {isa = PBXBuildFile; fileRef = 80B5FE9018D1352A0035C62B /* AMKFile_Private.h */; };
		80B5FE9418D1352A0035C62B /* AMKFile.h in Headers */ = {isa = PBXBuildFile; fileRef = 80B5FE9118D1352A0035C62B /* AMKFile.h */; settings = {ATTRIBUTES = (Public, ); }; };
		80B5FE9518D1352A0035C62B /* AMKFile.m in Sources */ = {isa = PBXBuildFile; fileRef = 80B5FE9218D1352A0035C62B /* AMKFile.m */; };
		80B5FE9918D1353F0035C62B /* NSString+AMKUtilities.h in Headers */ = {isa = PBXBuildFile; fileRef = 80B5FE9718D1353F0035C62B /* NSString+AMKUtilities.h */; };
		80B5FE9A18D1353F0035C62B /* NSString+AMKUtilities.m in Sources */ = {isa = PBXBuildFile; fileRef = 80B5FE9818D1353F0035C62B /* NSString+AMKUtilities.m */; };
		80B5FE9C18D135490035C62B /* AndromedaKit.h in Headers */ = {isa = PBXBuildFile; fileRef = 80B5FE9B18D135490035C62B /* AndromedaKit.h */; settings = {ATTRIBUTES = (Public, ); }; };
		80B5FEA318D135540035C62B /* AMKAnimation.h in Headers */ = {isa = PBXBuildFile; fileRef = 80B5FE9D18D135540035C62B /* AMKAnimation.h */; settings = {ATTRIBUTES = (Public, ); }; };
		80B5FEA418D135540035C62B /* AMKAnimation.m in Sources */ = {isa = PBXBuildFile; fileRef = 80B5FE9E18D135540035C62B /* AMKAnimation.m */; };
		80B5FEA518D135540035C62B /* AMKFLICAnimation.h in Headers */ = {isa = PBXBuildFile; fileRef = 80B5FE9F18D135540035C62B /* AMKFLICAnimation.h */; settings = {ATTRIBUTES = (Public, ); }; };
		80B5FEA618D135540035C62B /* AMKFLICAnimation.m in Sources */ = {isa = PBXBuildFile; fileRef = 80B5FEA018D135540035C62B /* AMKFLICAnimation.m */; };
		80B5FEA718D135540035C62B /* AMKMNGAnimation.h in Headers */ = {isa = PBXBuildFile; fileRef = 80B5FEA118D135540035C62B /* AMKMNGAnimation.h */; settings = {ATTRIBUTES = (Public, ); }; };
		80B5FEA818D135540035C62B /* AMKMNGAnimation.m in Sources */ = {isa = PBXBuildFile; fileRef = 80B5FEA218D135540035C62B /* AMKMNGAnimation.m */; };
		80B5FEBC18D135760035C62B /* AMKFileSGM.h in Headers */ = {isa = PBXBuildFile; fileRef = 80B5FEA918D135760035C62B /* AMKFileSGM.h */; settings = {ATTRIBUTES = (Public, ); }; };
		80B5FEBD18D135760035C62B /* AMKFileSGM.m in Sources */ = {isa = PBXBuildFile; fileRef = 80B5FEAA18D135760035C62B /* AMKFileSGM.m */; };
		80B5FEBE18D135760035C62B /* AMKFont.h in Headers */ = {isa = PBXBuildFile; fileRef = 80B5FEAB18D135760035C62B /* AMKFont.h */; settings = {ATTRIBUTES = (Public, ); }; };
		80B5FEBF18D135760035C62B /* AMKFont.m in Sources */ = {isa = PBXBuildFile; fileRef = 80B5FEAC18D135760035C62B /* AMKFont.m */; };
		80B5FEC018D135760035C62B /* AMKImage.h in Headers */ = {isa = PBXBuildFile; fileRef = 80B5FEAD18D135760035C62B /* AMKImage.h */; settings = {ATTRIBUTES = (Public, ); }; };
		80B5FEC118D135760035C62B /* AMKImage.m in Sources */ = {isa = PBXBuildFile; fileRef = 80B5FEAE18D135760035C62B /* AMKImage.m */; };
		80B5FEC218D135760035C62B /* AMKMap.h in Headers */ = {isa = PBXBuildFile; fileRef = 80B5FEAF18D135760035C62B /* AMKMap.h */; settings = {ATTRIBUTES = (Public, ); }; };
		80B5FEC318D135760035C62B /* AMKMap.m in Sources */ = {isa = PBXBuildFile; fileRef = 80B5FEB018D135760035C62B /* AMKMap.m */; };
		80B5FEC418D135760035C62B /* AMKObstructionMap.h in Headers */ = {isa = PBXBuildFile; fileRef = 80B5FEB118D135760035C62B /* AMKObstructionMap.h */; settings = {ATTRIBUTES = (Public, ); }; };
		80B5FEC518D135760035C62B /* AMKObstructionMap.m in Sources */ = {isa = PBXBuildFile; fileRef = 80B5FEB218D135760035C62B /* AMKObstructionMap.m */; };
		80B5FEC618D135760035C62B /* AMKPlayList.h in Headers */ = {isa = PBXBuildFile; fileRef = 80B5FEB318D135760035C62B /* AMKPlayList.h */; settings = {ATTRIBUTES = (Public, ); }; };
		80B5FEC718D135760035C62B /* AMKPlayList.m in Sources */ = {isa = PBXBuildFile; fileRef = 80B5FEB418D135760035C62B /* AMKPlayList.m */; };
		80B5FEC818D135760035C62B /* AMKSpriteSet.h in Headers */ = {isa = PBXBuildFile; fileRef = 80B5FEB518D135760035C62B /* AMKSpriteSet.h */; settings = {ATTRIBUTES = (Public, ); }; };
		80B5FEC918D135760035C62B /* AMKSpriteSet.m in Sources */ = {isa = PBXBuildFile; fileRef = 80B5FEB618D135760035C62B /* AMKSpriteSet.m */; };
		80B5FECA18D135760035C62B /* AMKTileSet_Private.h in Headers */ = {isa = PBXBuildFile; fileRef = 80B5FEB718D135760035C62B /* AMKTileSet_Private.h */; };
		80B5FECB18D135760035C62B /* AMKTileSet.h in Headers */ = {isa = PBXBuildFile; fileRef = 80B5FEB818D135760035C62B /* AMKTileSet.h */; settings = {ATTRIBUTES = (Public, ); }; };
		80B5FECC18D135760035C62B /* AMKTileSet.m in Sources */ = {isa = PBXBuildFile; fileRef = 80B5FEB918D135760035C62B /* AMKTileSet.m */; };
		80B5FECD18D135760035C62B /* AMKWindowStyle.h in Headers */ = {isa = PBXBuildFile; fileRef = 80B5FEBA18D135760035C62B /* AMKWindowStyle.h */; settings = {ATTRIBUTES = (Public, ); }; };
		80B5FECE18D135760035C62B /* AMKWindowStyle.m in Sources */ = {isa = PBXBuildFile; fileRef = 80B5FEBB18D135760035C62B /* AMKWindowStyle.m */; };
		80B5FED318D1357E0035C62B /* AMKSound.h in Headers */ = {isa = PBXBuildFile; fileRef = 80B5FECF18D1357E0035C62B /* AMKSound.h */; settings = {ATTRIBUTES = (Public, ); }; };
		80B5FED418D1357E0035C62B /* AMKSound.m in Sources */ = {isa = PBXBuildFile; fileRef = 80B5FED018D1357E0035C62B /* AMKSound.m */; };
		80B5FED518D1357E0035C62B /* AMKSoundEffect.h in Headers */ = {isa = PBXBuildFile; fileRef = 80B5FED118D1357E0035C62B /* AMKSoundEffect.h */; settings = {ATTRIBUTES = (Public, ); }; };
		80B5FED618D1357E0035C62B /* AMKSoundEffect.m in Sources */ = {isa = PBXBuildFile; fileRef = 80B5FED218D1357E0035C62B /* AMKSoundEffect.m */; };
		80B5FED918D135870035C62B /* AMKResource.h in Headers */ = {isa = PBXBuildFile; fileRef = 80B5FED718D135870035C62B /* AMKResource.h */; settings = {ATTRIBUTES = (Public, ); }; };
		80B5FEDA18D135870035C62B /* AMKResource.m in Sources */ = {isa = PBXBuildFile; fileRef = 80B5FED818D135870035C62B /* AMKResource.m */; };
		80B5FEDC18D135940035C62B /* endian.h in Headers */ = {isa = PBXBuildFile; fileRef = 80B5FEDB18D135940035C62B /* endian.h */; settings = {ATTRIBUTES = (Private, ); }; };
		80B5FEDF18D1359A0035C62B /* AMKGame.h in Headers */ = {isa = PBXBuildFile; fileRef = 80B5FEDD18D1359A0035C62B /* AMKGame.h */; settings = {ATTRIBUTES = (Public, ); }; };
		80B5FEE018D1359A0035C62B /* AMKGame.m in Sources */ = {isa = PBXBuildFile; fileRef = 80B5FEDE18D1359A0035C62B /* AMKGame.m */; };
		80B682AF18D8FF7300445BF9 /* L8Framework.framework in Frameworks */ = {isa = PBXBuildFile; fileRef = 80B682AE18D8FF7300445BF9 /* L8Framework.framework */; };
		80B682B118D908B300445BF9 /* Cocoa.framework in Frameworks */ = {isa = PBXBuildFile; fileRef = 80477BCF18D1313100B16692 /* Cocoa.framework */; };
		80B682B318D90E6D00445BF9 /* L8Framework.framework in Copy Private Frameworks */ = {isa = PBXBuildFile; fileRef = 80B682AE18D8FF7300445BF9 /* L8Framework.framework */; };
		E3573AF530BF4E5CB8FAE6E4 /* libPods.a in Frameworks */ = {isa = PBXBuildFile; fileRef = A25A7EC0408F41F5AE04D424 /* libPods.a */; };
/* End PBXBuildFile section */

/* Begin PBXContainerItemProxy section */
		804111D318D1440A00F7974F /* PBXContainerItemProxy */ = {
			isa = PBXContainerItemProxy;
			containerPortal = 80477BC418D1313100B16692 /* Project object */;
			proxyType = 1;
			remoteGlobalIDString = 80B5FE6318D133AD0035C62B;
			remoteInfo = SphereRuntimeKit;
		};
		80B5FE7718D133AD0035C62B /* PBXContainerItemProxy */ = {
			isa = PBXContainerItemProxy;
			containerPortal = 80477BC418D1313100B16692 /* Project object */;
			proxyType = 1;
			remoteGlobalIDString = 80B5FE6318D133AD0035C62B;
			remoteInfo = SphereRuntimeKit;
		};
/* End PBXContainerItemProxy section */

/* Begin PBXCopyFilesBuildPhase section */
		80B682B218D90E4A00445BF9 /* Copy Private Frameworks */ = {
			isa = PBXCopyFilesBuildPhase;
			buildActionMask = 2147483647;
			dstPath = "";
			dstSubfolderSpec = 10;
			files = (
				80B682B318D90E6D00445BF9 /* L8Framework.framework in Copy Private Frameworks */,
			);
			name = "Copy Private Frameworks";
			runOnlyForDeploymentPostprocessing = 0;
		};
/* End PBXCopyFilesBuildPhase section */

/* Begin PBXFileReference section */
		3EE7A173BE1D4DAE83B2C2D8 /* Pods.xcconfig */ = {isa = PBXFileReference; includeInIndex = 1; lastKnownFileType = text.xcconfig; name = Pods.xcconfig; path = Pods/Pods.xcconfig; sourceTree = "<group>"; };
		800FB73C18DF57A900AEB582 /* NSMutableArray+AMDQueue.h */ = {isa = PBXFileReference; fileEncoding = 4; lastKnownFileType = sourcecode.c.h; path = "NSMutableArray+AMDQueue.h"; sourceTree = "<group>"; };
		800FB73D18DF57A900AEB582 /* NSMutableArray+AMDQueue.m */ = {isa = PBXFileReference; fileEncoding = 4; lastKnownFileType = sourcecode.c.objc; path = "NSMutableArray+AMDQueue.m"; sourceTree = "<group>"; };
		800FB73F18DF588900AEB582 /* NSMutableArray+AMDStack.h */ = {isa = PBXFileReference; fileEncoding = 4; lastKnownFileType = sourcecode.c.h; path = "NSMutableArray+AMDStack.h"; sourceTree = "<group>"; };
		800FB74018DF588900AEB582 /* NSMutableArray+AMDStack.m */ = {isa = PBXFileReference; fileEncoding = 4; lastKnownFileType = sourcecode.c.objc; path = "NSMutableArray+AMDStack.m"; sourceTree = "<group>"; };
		800FB74218DF8D3400AEB582 /* AMDCoordinateUtilities.h */ = {isa = PBXFileReference; fileEncoding = 4; lastKnownFileType = sourcecode.c.h; path = AMDCoordinateUtilities.h; sourceTree = "<group>"; };
		800FB74318DF8D3400AEB582 /* AMDCoordinateUtilities.m */ = {isa = PBXFileReference; fileEncoding = 4; lastKnownFileType = sourcecode.c.objc; path = AMDCoordinateUtilities.m; sourceTree = "<group>"; };
		8024954118D228F70071F3C4 /* LICENSE */ = {isa = PBXFileReference; lastKnownFileType = text; path = LICENSE; sourceTree = "<group>"; };
		8024954218D228F70071F3C4 /* README.md */ = {isa = PBXFileReference; lastKnownFileType = text; path = README.md; sourceTree = "<group>"; };
		804111D518D144A100F7974F /* CoreGraphics.framework */ = {isa = PBXFileReference; lastKnownFileType = wrapper.framework; name = CoreGraphics.framework; path = System/Library/Frameworks/CoreGraphics.framework; sourceTree = SDKROOT; };
		80477BCC18D1313100B16692 /* Andromeda.app */ = {isa = PBXFileReference; explicitFileType = wrapper.application; includeInIndex = 0; path = Andromeda.app; sourceTree = BUILT_PRODUCTS_DIR; };
		80477BCF18D1313100B16692 /* Cocoa.framework */ = {isa = PBXFileReference; lastKnownFileType = wrapper.framework; name = Cocoa.framework; path = System/Library/Frameworks/Cocoa.framework; sourceTree = SDKROOT; };
		80477BD218D1313100B16692 /* AppKit.framework */ = {isa = PBXFileReference; lastKnownFileType = wrapper.framework; name = AppKit.framework; path = System/Library/Frameworks/AppKit.framework; sourceTree = SDKROOT; };
		80477BD318D1313100B16692 /* CoreData.framework */ = {isa = PBXFileReference; lastKnownFileType = wrapper.framework; name = CoreData.framework; path = System/Library/Frameworks/CoreData.framework; sourceTree = SDKROOT; };
		80477BD418D1313100B16692 /* Foundation.framework */ = {isa = PBXFileReference; lastKnownFileType = wrapper.framework; name = Foundation.framework; path = System/Library/Frameworks/Foundation.framework; sourceTree = SDKROOT; };
		80477BD718D1313100B16692 /* Andromeda-Info.plist */ = {isa = PBXFileReference; lastKnownFileType = text.plist.xml; path = "Andromeda-Info.plist"; sourceTree = "<group>"; };
		80477BD918D1313100B16692 /* en */ = {isa = PBXFileReference; lastKnownFileType = text.plist.strings; name = en; path = en.lproj/InfoPlist.strings; sourceTree = "<group>"; };
		80477BDB18D1313100B16692 /* main.m */ = {isa = PBXFileReference; lastKnownFileType = sourcecode.c.objc; name = main.m; path = Source/main.m; sourceTree = "<group>"; };
		80477BDD18D1313100B16692 /* Andromeda-Prefix.pch */ = {isa = PBXFileReference; lastKnownFileType = sourcecode.c.h; name = "Andromeda-Prefix.pch"; path = "Source/Andromeda-Prefix.pch"; sourceTree = "<group>"; };
		80477BDF18D1313100B16692 /* en */ = {isa = PBXFileReference; lastKnownFileType = text.rtf; name = en; path = en.lproj/Credits.rtf; sourceTree = "<group>"; };
		80477BE518D1313100B16692 /* Base */ = {isa = PBXFileReference; lastKnownFileType = file.xib; name = Base; path = Base.lproj/MainMenu.xib; sourceTree = "<group>"; };
		80477BE718D1313100B16692 /* Images.xcassets */ = {isa = PBXFileReference; lastKnownFileType = folder.assetcatalog; path = Images.xcassets; sourceTree = "<group>"; };
		80477BEE18D1313100B16692 /* XCTest.framework */ = {isa = PBXFileReference; lastKnownFileType = wrapper.framework; name = XCTest.framework; path = Library/Frameworks/XCTest.framework; sourceTree = DEVELOPER_DIR; };
		80477C1218D1320800B16692 /* AMDBonjour.h */ = {isa = PBXFileReference; fileEncoding = 4; lastKnownFileType = sourcecode.c.h; path = AMDBonjour.h; sourceTree = "<group>"; };
		80477C1318D1320800B16692 /* AMDBonjour.m */ = {isa = PBXFileReference; fileEncoding = 4; lastKnownFileType = sourcecode.c.objc; path = AMDBonjour.m; sourceTree = "<group>"; };
		80477C1618D1320800B16692 /* AMDColor.h */ = {isa = PBXFileReference; fileEncoding = 4; lastKnownFileType = sourcecode.c.h; path = AMDColor.h; sourceTree = "<group>"; };
		80477C1718D1320800B16692 /* AMDColor.m */ = {isa = PBXFileReference; fileEncoding = 4; lastKnownFileType = sourcecode.c.objc; path = AMDColor.m; sourceTree = "<group>"; };
		80477C1D18D1320800B16692 /* AMDConsole.h */ = {isa = PBXFileReference; fileEncoding = 4; lastKnownFileType = sourcecode.c.h; path = AMDConsole.h; sourceTree = "<group>"; };
		80477C1E18D1320800B16692 /* AMDConsole.m */ = {isa = PBXFileReference; fileEncoding = 4; lastKnownFileType = sourcecode.c.objc; path = AMDConsole.m; sourceTree = "<group>"; };
		80477C2118D1320800B16692 /* AMDFileSystem.h */ = {isa = PBXFileReference; fileEncoding = 4; lastKnownFileType = sourcecode.c.h; path = AMDFileSystem.h; sourceTree = "<group>"; };
		80477C2218D1320800B16692 /* AMDFileSystem.m */ = {isa = PBXFileReference; fileEncoding = 4; lastKnownFileType = sourcecode.c.objc; path = AMDFileSystem.m; sourceTree = "<group>"; };
		80477C2518D1320800B16692 /* AMDJSClass.h */ = {isa = PBXFileReference; fileEncoding = 4; lastKnownFileType = sourcecode.c.h; path = AMDJSClass.h; sourceTree = "<group>"; };
		80477C2618D1320800B16692 /* AMDJSClass.m */ = {isa = PBXFileReference; fileEncoding = 4; lastKnownFileType = sourcecode.c.objc; path = AMDJSClass.m; sourceTree = "<group>"; };
		80477C2918D1320900B16692 /* AMDNetwork.h */ = {isa = PBXFileReference; fileEncoding = 4; lastKnownFileType = sourcecode.c.h; path = AMDNetwork.h; sourceTree = "<group>"; };
		80477C2A18D1320900B16692 /* AMDNetwork.m */ = {isa = PBXFileReference; fileEncoding = 4; lastKnownFileType = sourcecode.c.objc; path = AMDNetwork.m; sourceTree = "<group>"; };
		80477C2D18D1320900B16692 /* AMDSocket.h */ = {isa = PBXFileReference; fileEncoding = 4; lastKnownFileType = sourcecode.c.h; path = AMDSocket.h; sourceTree = "<group>"; };
		80477C2E18D1320900B16692 /* AMDSocket.m */ = {isa = PBXFileReference; fileEncoding = 4; lastKnownFileType = sourcecode.c.objc; path = AMDSocket.m; sourceTree = "<group>"; };
		80477C3D18D1321500B16692 /* AMDAppDelegate.h */ = {isa = PBXFileReference; fileEncoding = 4; lastKnownFileType = sourcecode.c.h; path = AMDAppDelegate.h; sourceTree = "<group>"; };
		80477C3E18D1321500B16692 /* AMDAppDelegate.m */ = {isa = PBXFileReference; fileEncoding = 4; lastKnownFileType = sourcecode.c.objc; path = AMDAppDelegate.m; sourceTree = "<group>"; };
		80477C4318D1321F00B16692 /* AMDResource.h */ = {isa = PBXFileReference; fileEncoding = 4; lastKnownFileType = sourcecode.c.h; path = AMDResource.h; sourceTree = "<group>"; };
		80477C4418D1321F00B16692 /* AMDResource.m */ = {isa = PBXFileReference; fileEncoding = 4; lastKnownFileType = sourcecode.c.objc; path = AMDResource.m; sourceTree = "<group>"; };
		80477C4818D1325C00B16692 /* test_module.js */ = {isa = PBXFileReference; lastKnownFileType = sourcecode.javascript; path = test_module.js; sourceTree = "<group>"; };
		80477C4918D1325C00B16692 /* test.js */ = {isa = PBXFileReference; lastKnownFileType = sourcecode.javascript; path = test.js; sourceTree = "<group>"; };
		8059FBE918FF2C9D00FC66D8 /* AMDProcess.h */ = {isa = PBXFileReference; fileEncoding = 4; lastKnownFileType = sourcecode.c.h; path = AMDProcess.h; sourceTree = "<group>"; };
		8059FBEA18FF2C9D00FC66D8 /* AMDProcess.m */ = {isa = PBXFileReference; fileEncoding = 4; lastKnownFileType = sourcecode.c.objc; path = AMDProcess.m; sourceTree = "<group>"; };
		8059FBEC18FF4D0400FC66D8 /* AMDVirtualMachine.h */ = {isa = PBXFileReference; fileEncoding = 4; lastKnownFileType = sourcecode.c.h; path = AMDVirtualMachine.h; sourceTree = "<group>"; };
		8059FBED18FF4D0400FC66D8 /* AMDVirtualMachine.m */ = {isa = PBXFileReference; fileEncoding = 4; lastKnownFileType = sourcecode.c.objc; path = AMDVirtualMachine.m; sourceTree = "<group>"; };
		8068F4A118FD6A2A0082835E /* AMDEngine.h */ = {isa = PBXFileReference; fileEncoding = 4; lastKnownFileType = sourcecode.c.h; path = AMDEngine.h; sourceTree = "<group>"; };
		8068F4A218FD6A2A0082835E /* AMDEngine.m */ = {isa = PBXFileReference; fileEncoding = 4; lastKnownFileType = sourcecode.c.objc; path = AMDEngine.m; sourceTree = "<group>"; };
		8068F4A418FDD56D0082835E /* simple_vertex_shader.vs */ = {isa = PBXFileReference; fileEncoding = 4; lastKnownFileType = sourcecode.glsl; path = simple_vertex_shader.vs; sourceTree = "<group>"; };
		8068F4A618FDD57E0082835E /* simple_fragment_shader.fs */ = {isa = PBXFileReference; fileEncoding = 4; lastKnownFileType = sourcecode.glsl; path = simple_fragment_shader.fs; sourceTree = "<group>"; };
		8086DC9018FC8EEC0084D743 /* AMDGame.h */ = {isa = PBXFileReference; fileEncoding = 4; lastKnownFileType = sourcecode.c.h; path = AMDGame.h; sourceTree = "<group>"; };
		8086DC9118FC8EEC0084D743 /* AMDGame.m */ = {isa = PBXFileReference; fileEncoding = 4; lastKnownFileType = sourcecode.c.objc; path = AMDGame.m; sourceTree = "<group>"; };
		80A0A54319033B7700E73AA2 /* AMDEvent.h */ = {isa = PBXFileReference; fileEncoding = 4; lastKnownFileType = sourcecode.c.h; path = AMDEvent.h; sourceTree = "<group>"; };
		80A0A54419033B7700E73AA2 /* AMDEvent.m */ = {isa = PBXFileReference; fileEncoding = 4; lastKnownFileType = sourcecode.c.objc; path = AMDEvent.m; sourceTree = "<group>"; };
		80A0A55B1904517C00E73AA2 /* AMDEventEmitter.h */ = {isa = PBXFileReference; fileEncoding = 4; lastKnownFileType = sourcecode.c.h; path = AMDEventEmitter.h; sourceTree = "<group>"; };
		80A0A55C1904517C00E73AA2 /* AMDEventEmitter.m */ = {isa = PBXFileReference; fileEncoding = 4; lastKnownFileType = sourcecode.c.objc; path = AMDEventEmitter.m; sourceTree = "<group>"; };
		80A0A55E190458C400E73AA2 /* fs.js */ = {isa = PBXFileReference; lastKnownFileType = sourcecode.javascript; path = fs.js; sourceTree = "<group>"; };
		80A0A55F190458CD00E73AA2 /* net.js */ = {isa = PBXFileReference; lastKnownFileType = sourcecode.javascript; path = net.js; sourceTree = "<group>"; };
		80A0A56219045BA300E73AA2 /* AMDPathBinding.h */ = {isa = PBXFileReference; fileEncoding = 4; lastKnownFileType = sourcecode.c.h; path = AMDPathBinding.h; sourceTree = "<group>"; };
		80A0A56319045BA300E73AA2 /* AMDPathBinding.m */ = {isa = PBXFileReference; fileEncoding = 4; lastKnownFileType = sourcecode.c.objc; path = AMDPathBinding.m; sourceTree = "<group>"; };
		80A0A56519045BBD00E73AA2 /* AMDBinding.h */ = {isa = PBXFileReference; fileEncoding = 4; lastKnownFileType = sourcecode.c.h; path = AMDBinding.h; sourceTree = "<group>"; };
		80A0A56819045D0C00E73AA2 /* AMDHashing.h */ = {isa = PBXFileReference; fileEncoding = 4; lastKnownFileType = sourcecode.c.h; path = AMDHashing.h; sourceTree = "<group>"; };
		80A0A56919045D0C00E73AA2 /* AMDHashing.m */ = {isa = PBXFileReference; fileEncoding = 4; lastKnownFileType = sourcecode.c.objc; path = AMDHashing.m; sourceTree = "<group>"; };
		80A0A56B190485C000E73AA2 /* buffer.js */ = {isa = PBXFileReference; fileEncoding = 4; lastKnownFileType = sourcecode.javascript; path = buffer.js; sourceTree = "<group>"; };
		80A3C76D18DA891B002EEF8C /* NSString+AMDHashing.h */ = {isa = PBXFileReference; fileEncoding = 4; lastKnownFileType = sourcecode.c.h; path = "NSString+AMDHashing.h"; sourceTree = "<group>"; };
		80A3C76E18DA891B002EEF8C /* NSString+AMDHashing.m */ = {isa = PBXFileReference; fileEncoding = 4; lastKnownFileType = sourcecode.c.objc; path = "NSString+AMDHashing.m"; sourceTree = "<group>"; };
		80A3C77018DA8925002EEF8C /* NSData+AMDHashing.h */ = {isa = PBXFileReference; fileEncoding = 4; lastKnownFileType = sourcecode.c.h; path = "NSData+AMDHashing.h"; sourceTree = "<group>"; };
		80A3C77118DA8925002EEF8C /* NSData+AMDHashing.m */ = {isa = PBXFileReference; fileEncoding = 4; lastKnownFileType = sourcecode.c.objc; path = "NSData+AMDHashing.m"; sourceTree = "<group>"; };
		80A3C77618DA8FDD002EEF8C /* AMDFileHashing.h */ = {isa = PBXFileReference; fileEncoding = 4; lastKnownFileType = sourcecode.c.h; path = AMDFileHashing.h; sourceTree = "<group>"; };
		80A3C77718DA8FDD002EEF8C /* AMDFileHashing.m */ = {isa = PBXFileReference; fileEncoding = 4; lastKnownFileType = sourcecode.c.objc; path = AMDFileHashing.m; sourceTree = "<group>"; };
		80A3C77918DBB64B002EEF8C /* macros.h */ = {isa = PBXFileReference; lastKnownFileType = sourcecode.c.h; name = macros.h; path = Source/macros.h; sourceTree = "<group>"; };
		80AAD8CA18DD1B9800805E3D /* AMDGraphicsView.h */ = {isa = PBXFileReference; fileEncoding = 4; lastKnownFileType = sourcecode.c.h; path = AMDGraphicsView.h; sourceTree = "<group>"; };
		80AAD8CB18DD1B9800805E3D /* AMDGraphicsView.m */ = {isa = PBXFileReference; fileEncoding = 4; lastKnownFileType = sourcecode.c.objc; path = AMDGraphicsView.m; sourceTree = "<group>"; };
		80AAD8CD18DD254300805E3D /* AMDScreen.h */ = {isa = PBXFileReference; fileEncoding = 4; lastKnownFileType = sourcecode.c.h; path = AMDScreen.h; sourceTree = "<group>"; };
		80AAD8CE18DD254300805E3D /* AMDScreen.m */ = {isa = PBXFileReference; fileEncoding = 4; lastKnownFileType = sourcecode.c.objc; path = AMDScreen.m; sourceTree = "<group>"; };
		80AAD8D618DE7C4C00805E3D /* AMDKeyboard.h */ = {isa = PBXFileReference; fileEncoding = 4; lastKnownFileType = sourcecode.c.h; path = AMDKeyboard.h; sourceTree = "<group>"; };
		80AAD8D718DE7C4C00805E3D /* AMDKeyboard.m */ = {isa = PBXFileReference; fileEncoding = 4; lastKnownFileType = sourcecode.c.objc; path = AMDKeyboard.m; sourceTree = "<group>"; };
		80AAD8D918DE7C5500805E3D /* AMDMouse.h */ = {isa = PBXFileReference; fileEncoding = 4; lastKnownFileType = sourcecode.c.h; path = AMDMouse.h; sourceTree = "<group>"; };
		80AAD8DA18DE7C5500805E3D /* AMDMouse.m */ = {isa = PBXFileReference; fileEncoding = 4; lastKnownFileType = sourcecode.c.objc; path = AMDMouse.m; sourceTree = "<group>"; };
		80AAD8DC18DE7C6000805E3D /* AMDGamepad.h */ = {isa = PBXFileReference; fileEncoding = 4; lastKnownFileType = sourcecode.c.h; path = AMDGamepad.h; sourceTree = "<group>"; };
		80AAD8DD18DE7C6000805E3D /* AMDGamepad.m */ = {isa = PBXFileReference; fileEncoding = 4; lastKnownFileType = sourcecode.c.objc; path = AMDGamepad.m; sourceTree = "<group>"; };
		80AAD8DF18DE7C6900805E3D /* AMDInput.h */ = {isa = PBXFileReference; fileEncoding = 4; lastKnownFileType = sourcecode.c.h; path = AMDInput.h; sourceTree = "<group>"; };
		80AAD8E018DE7C6900805E3D /* AMDInput.m */ = {isa = PBXFileReference; fileEncoding = 4; lastKnownFileType = sourcecode.c.objc; path = AMDInput.m; sourceTree = "<group>"; };
		80AAD8E218DE8D4600805E3D /* AMDInputDevice.h */ = {isa = PBXFileReference; fileEncoding = 4; lastKnownFileType = sourcecode.c.h; path = AMDInputDevice.h; sourceTree = "<group>"; };
		80AAD8E318DE8D4600805E3D /* AMDInputDevice.m */ = {isa = PBXFileReference; fileEncoding = 4; lastKnownFileType = sourcecode.c.objc; path = AMDInputDevice.m; sourceTree = "<group>"; };
		80B3D37218FEBCE300DB0B4C /* AMDEXTSQLite.h */ = {isa = PBXFileReference; fileEncoding = 4; lastKnownFileType = sourcecode.c.h; path = AMDEXTSQLite.h; sourceTree = "<group>"; };
		80B3D37318FEBCE300DB0B4C /* AMDEXTSQLite.m */ = {isa = PBXFileReference; fileEncoding = 4; lastKnownFileType = sourcecode.c.objc; path = AMDEXTSQLite.m; sourceTree = "<group>"; };
		80B3D37518FEBD3A00DB0B4C /* AMDSystemExtension.h */ = {isa = PBXFileReference; fileEncoding = 4; lastKnownFileType = sourcecode.c.h; path = AMDSystemExtension.h; sourceTree = "<group>"; };
		80B3D37618FEBD3A00DB0B4C /* AMDSystemExtension.m */ = {isa = PBXFileReference; fileEncoding = 4; lastKnownFileType = sourcecode.c.objc; path = AMDSystemExtension.m; sourceTree = "<group>"; };
		80B3D37918FECE3100DB0B4C /* sqlite.js */ = {isa = PBXFileReference; fileEncoding = 4; lastKnownFileType = sourcecode.javascript; path = sqlite.js; sourceTree = "<group>"; };
		80B3D37D18FEF32100DB0B4C /* andromeda.js */ = {isa = PBXFileReference; lastKnownFileType = sourcecode.javascript; path = andromeda.js; sourceTree = "<group>"; };
		80B5FE6418D133AD0035C62B /* AndromedaKit.framework */ = {isa = PBXFileReference; explicitFileType = wrapper.framework; includeInIndex = 0; path = AndromedaKit.framework; sourceTree = BUILT_PRODUCTS_DIR; };
		80B5FE6818D133AD0035C62B /* AndromedaKit-Info.plist */ = {isa = PBXFileReference; lastKnownFileType = text.plist.xml; path = "AndromedaKit-Info.plist"; sourceTree = "<group>"; };
		80B5FE7418D133AD0035C62B /* AndromedaKitTests.xctest */ = {isa = PBXFileReference; explicitFileType = wrapper.cfbundle; includeInIndex = 0; path = AndromedaKitTests.xctest; sourceTree = BUILT_PRODUCTS_DIR; };
		80B5FE7C18D133AD0035C62B /* AndromedaKitTests-Info.plist */ = {isa = PBXFileReference; lastKnownFileType = text.plist.xml; path = "AndromedaKitTests-Info.plist"; sourceTree = "<group>"; };
		80B5FE8018D133AE0035C62B /* AndromedaKitTests.m */ = {isa = PBXFileReference; lastKnownFileType = sourcecode.c.objc; path = AndromedaKitTests.m; sourceTree = "<group>"; };
		80B5FE8818D1348E0035C62B /* AndromedaKit-Prefix.pch */ = {isa = PBXFileReference; fileEncoding = 4; lastKnownFileType = sourcecode.c.h; name = "AndromedaKit-Prefix.pch"; path = "Source/AndromedaKit-Prefix.pch"; sourceTree = "<group>"; };
		80B5FE9018D1352A0035C62B /* AMKFile_Private.h */ = {isa = PBXFileReference; fileEncoding = 4; lastKnownFileType = sourcecode.c.h; name = AMKFile_Private.h; path = Source/Resources/SphereFileTypes/AMKFile_Private.h; sourceTree = "<group>"; };
		80B5FE9118D1352A0035C62B /* AMKFile.h */ = {isa = PBXFileReference; fileEncoding = 4; lastKnownFileType = sourcecode.c.h; name = AMKFile.h; path = Source/Resources/SphereFileTypes/AMKFile.h; sourceTree = "<group>"; };
		80B5FE9218D1352A0035C62B /* AMKFile.m */ = {isa = PBXFileReference; fileEncoding = 4; lastKnownFileType = sourcecode.c.objc; name = AMKFile.m; path = Source/Resources/SphereFileTypes/AMKFile.m; sourceTree = "<group>"; };
		80B5FE9718D1353F0035C62B /* NSString+AMKUtilities.h */ = {isa = PBXFileReference; fileEncoding = 4; lastKnownFileType = sourcecode.c.h; name = "NSString+AMKUtilities.h"; path = "Source/Categories/NSString+AMKUtilities.h"; sourceTree = "<group>"; };
		80B5FE9818D1353F0035C62B /* NSString+AMKUtilities.m */ = {isa = PBXFileReference; fileEncoding = 4; lastKnownFileType = sourcecode.c.objc; name = "NSString+AMKUtilities.m"; path = "Source/Categories/NSString+AMKUtilities.m"; sourceTree = "<group>"; };
		80B5FE9B18D135490035C62B /* AndromedaKit.h */ = {isa = PBXFileReference; fileEncoding = 4; lastKnownFileType = sourcecode.c.h; name = AndromedaKit.h; path = Source/AndromedaKit.h; sourceTree = "<group>"; };
		80B5FE9D18D135540035C62B /* AMKAnimation.h */ = {isa = PBXFileReference; fileEncoding = 4; lastKnownFileType = sourcecode.c.h; name = AMKAnimation.h; path = Source/Resources/Animation/AMKAnimation.h; sourceTree = "<group>"; };
		80B5FE9E18D135540035C62B /* AMKAnimation.m */ = {isa = PBXFileReference; fileEncoding = 4; lastKnownFileType = sourcecode.c.objc; name = AMKAnimation.m; path = Source/Resources/Animation/AMKAnimation.m; sourceTree = "<group>"; };
		80B5FE9F18D135540035C62B /* AMKFLICAnimation.h */ = {isa = PBXFileReference; fileEncoding = 4; lastKnownFileType = sourcecode.c.h; name = AMKFLICAnimation.h; path = Source/Resources/Animation/AMKFLICAnimation.h; sourceTree = "<group>"; };
		80B5FEA018D135540035C62B /* AMKFLICAnimation.m */ = {isa = PBXFileReference; fileEncoding = 4; lastKnownFileType = sourcecode.c.objc; name = AMKFLICAnimation.m; path = Source/Resources/Animation/AMKFLICAnimation.m; sourceTree = "<group>"; };
		80B5FEA118D135540035C62B /* AMKMNGAnimation.h */ = {isa = PBXFileReference; fileEncoding = 4; lastKnownFileType = sourcecode.c.h; name = AMKMNGAnimation.h; path = Source/Resources/Animation/AMKMNGAnimation.h; sourceTree = "<group>"; };
		80B5FEA218D135540035C62B /* AMKMNGAnimation.m */ = {isa = PBXFileReference; fileEncoding = 4; lastKnownFileType = sourcecode.c.objc; name = AMKMNGAnimation.m; path = Source/Resources/Animation/AMKMNGAnimation.m; sourceTree = "<group>"; };
		80B5FEA918D135760035C62B /* AMKFileSGM.h */ = {isa = PBXFileReference; fileEncoding = 4; lastKnownFileType = sourcecode.c.h; name = AMKFileSGM.h; path = Source/Resources/SphereFileTypes/AMKFileSGM.h; sourceTree = "<group>"; };
		80B5FEAA18D135760035C62B /* AMKFileSGM.m */ = {isa = PBXFileReference; fileEncoding = 4; lastKnownFileType = sourcecode.c.objc; name = AMKFileSGM.m; path = Source/Resources/SphereFileTypes/AMKFileSGM.m; sourceTree = "<group>"; };
		80B5FEAB18D135760035C62B /* AMKFont.h */ = {isa = PBXFileReference; fileEncoding = 4; lastKnownFileType = sourcecode.c.h; name = AMKFont.h; path = Source/Resources/SphereFileTypes/AMKFont.h; sourceTree = "<group>"; };
		80B5FEAC18D135760035C62B /* AMKFont.m */ = {isa = PBXFileReference; fileEncoding = 4; lastKnownFileType = sourcecode.c.objc; name = AMKFont.m; path = Source/Resources/SphereFileTypes/AMKFont.m; sourceTree = "<group>"; };
		80B5FEAD18D135760035C62B /* AMKImage.h */ = {isa = PBXFileReference; fileEncoding = 4; lastKnownFileType = sourcecode.c.h; name = AMKImage.h; path = Source/Resources/AMKImage.h; sourceTree = "<group>"; };
		80B5FEAE18D135760035C62B /* AMKImage.m */ = {isa = PBXFileReference; fileEncoding = 4; lastKnownFileType = sourcecode.c.objc; name = AMKImage.m; path = Source/Resources/AMKImage.m; sourceTree = "<group>"; };
		80B5FEAF18D135760035C62B /* AMKMap.h */ = {isa = PBXFileReference; fileEncoding = 4; lastKnownFileType = sourcecode.c.h; name = AMKMap.h; path = Source/Resources/SphereFileTypes/AMKMap.h; sourceTree = "<group>"; };
		80B5FEB018D135760035C62B /* AMKMap.m */ = {isa = PBXFileReference; fileEncoding = 4; lastKnownFileType = sourcecode.c.objc; name = AMKMap.m; path = Source/Resources/SphereFileTypes/AMKMap.m; sourceTree = "<group>"; };
		80B5FEB118D135760035C62B /* AMKObstructionMap.h */ = {isa = PBXFileReference; fileEncoding = 4; lastKnownFileType = sourcecode.c.h; name = AMKObstructionMap.h; path = Source/Resources/SphereFileTypes/AMKObstructionMap.h; sourceTree = "<group>"; };
		80B5FEB218D135760035C62B /* AMKObstructionMap.m */ = {isa = PBXFileReference; fileEncoding = 4; lastKnownFileType = sourcecode.c.objc; name = AMKObstructionMap.m; path = Source/Resources/SphereFileTypes/AMKObstructionMap.m; sourceTree = "<group>"; };
		80B5FEB318D135760035C62B /* AMKPlayList.h */ = {isa = PBXFileReference; fileEncoding = 4; lastKnownFileType = sourcecode.c.h; name = AMKPlayList.h; path = Source/Resources/SphereFileTypes/AMKPlayList.h; sourceTree = "<group>"; };
		80B5FEB418D135760035C62B /* AMKPlayList.m */ = {isa = PBXFileReference; fileEncoding = 4; lastKnownFileType = sourcecode.c.objc; name = AMKPlayList.m; path = Source/Resources/SphereFileTypes/AMKPlayList.m; sourceTree = "<group>"; };
		80B5FEB518D135760035C62B /* AMKSpriteSet.h */ = {isa = PBXFileReference; fileEncoding = 4; lastKnownFileType = sourcecode.c.h; name = AMKSpriteSet.h; path = Source/Resources/SphereFileTypes/AMKSpriteSet.h; sourceTree = "<group>"; };
		80B5FEB618D135760035C62B /* AMKSpriteSet.m */ = {isa = PBXFileReference; fileEncoding = 4; lastKnownFileType = sourcecode.c.objc; name = AMKSpriteSet.m; path = Source/Resources/SphereFileTypes/AMKSpriteSet.m; sourceTree = "<group>"; };
		80B5FEB718D135760035C62B /* AMKTileSet_Private.h */ = {isa = PBXFileReference; fileEncoding = 4; lastKnownFileType = sourcecode.c.h; name = AMKTileSet_Private.h; path = Source/Resources/SphereFileTypes/AMKTileSet_Private.h; sourceTree = "<group>"; };
		80B5FEB818D135760035C62B /* AMKTileSet.h */ = {isa = PBXFileReference; fileEncoding = 4; lastKnownFileType = sourcecode.c.h; name = AMKTileSet.h; path = Source/Resources/SphereFileTypes/AMKTileSet.h; sourceTree = "<group>"; };
		80B5FEB918D135760035C62B /* AMKTileSet.m */ = {isa = PBXFileReference; fileEncoding = 4; lastKnownFileType = sourcecode.c.objc; name = AMKTileSet.m; path = Source/Resources/SphereFileTypes/AMKTileSet.m; sourceTree = "<group>"; };
		80B5FEBA18D135760035C62B /* AMKWindowStyle.h */ = {isa = PBXFileReference; fileEncoding = 4; lastKnownFileType = sourcecode.c.h; name = AMKWindowStyle.h; path = Source/Resources/SphereFileTypes/AMKWindowStyle.h; sourceTree = "<group>"; };
		80B5FEBB18D135760035C62B /* AMKWindowStyle.m */ = {isa = PBXFileReference; fileEncoding = 4; lastKnownFileType = sourcecode.c.objc; name = AMKWindowStyle.m; path = Source/Resources/SphereFileTypes/AMKWindowStyle.m; sourceTree = "<group>"; };
		80B5FECF18D1357E0035C62B /* AMKSound.h */ = {isa = PBXFileReference; fileEncoding = 4; lastKnownFileType = sourcecode.c.h; name = AMKSound.h; path = Source/Resources/Sound/AMKSound.h; sourceTree = "<group>"; };
		80B5FED018D1357E0035C62B /* AMKSound.m */ = {isa = PBXFileReference; fileEncoding = 4; lastKnownFileType = sourcecode.c.objc; name = AMKSound.m; path = Source/Resources/Sound/AMKSound.m; sourceTree = "<group>"; };
		80B5FED118D1357E0035C62B /* AMKSoundEffect.h */ = {isa = PBXFileReference; fileEncoding = 4; lastKnownFileType = sourcecode.c.h; name = AMKSoundEffect.h; path = Source/Resources/Sound/AMKSoundEffect.h; sourceTree = "<group>"; };
		80B5FED218D1357E0035C62B /* AMKSoundEffect.m */ = {isa = PBXFileReference; fileEncoding = 4; lastKnownFileType = sourcecode.c.objc; name = AMKSoundEffect.m; path = Source/Resources/Sound/AMKSoundEffect.m; sourceTree = "<group>"; };
		80B5FED718D135870035C62B /* AMKResource.h */ = {isa = PBXFileReference; fileEncoding = 4; lastKnownFileType = sourcecode.c.h; name = AMKResource.h; path = Source/Resources/AMKResource.h; sourceTree = "<group>"; };
		80B5FED818D135870035C62B /* AMKResource.m */ = {isa = PBXFileReference; fileEncoding = 4; lastKnownFileType = sourcecode.c.objc; name = AMKResource.m; path = Source/Resources/AMKResource.m; sourceTree = "<group>"; };
		80B5FEDB18D135940035C62B /* endian.h */ = {isa = PBXFileReference; fileEncoding = 4; lastKnownFileType = sourcecode.c.h; name = endian.h; path = Source/endian.h; sourceTree = "<group>"; };
		80B5FEDD18D1359A0035C62B /* AMKGame.h */ = {isa = PBXFileReference; fileEncoding = 4; lastKnownFileType = sourcecode.c.h; name = AMKGame.h; path = Source/AMKGame.h; sourceTree = "<group>"; };
		80B5FEDE18D1359A0035C62B /* AMKGame.m */ = {isa = PBXFileReference; fileEncoding = 4; lastKnownFileType = sourcecode.c.objc; name = AMKGame.m; path = Source/AMKGame.m; sourceTree = "<group>"; };
		80B682AE18D8FF7300445BF9 /* L8Framework.framework */ = {isa = PBXFileReference; lastKnownFileType = wrapper.framework; name = L8Framework.framework; path = Frameworks/L8Framework.framework; sourceTree = "<group>"; };
		A25A7EC0408F41F5AE04D424 /* libPods.a */ = {isa = PBXFileReference; explicitFileType = archive.ar; includeInIndex = 0; path = libPods.a; sourceTree = BUILT_PRODUCTS_DIR; };
/* End PBXFileReference section */

/* Begin PBXFrameworksBuildPhase section */
		80477BC918D1313100B16692 /* Frameworks */ = {
			isa = PBXFrameworksBuildPhase;
			buildActionMask = 2147483647;
			files = (
				80A3C77B18DBD5C0002EEF8C /* AndromedaKit.framework in Frameworks */,
				80B682B118D908B300445BF9 /* Cocoa.framework in Frameworks */,
				80B682AF18D8FF7300445BF9 /* L8Framework.framework in Frameworks */,
				E3573AF530BF4E5CB8FAE6E4 /* libPods.a in Frameworks */,
			);
			runOnlyForDeploymentPostprocessing = 0;
		};
		80B5FE6018D133AD0035C62B /* Frameworks */ = {
			isa = PBXFrameworksBuildPhase;
			buildActionMask = 2147483647;
			files = (
				804111D718D144B100F7974F /* Cocoa.framework in Frameworks */,
				804111D618D144A100F7974F /* CoreGraphics.framework in Frameworks */,
			);
			runOnlyForDeploymentPostprocessing = 0;
		};
		80B5FE7118D133AD0035C62B /* Frameworks */ = {
			isa = PBXFrameworksBuildPhase;
			buildActionMask = 2147483647;
			files = (
				80B5FE7618D133AD0035C62B /* Cocoa.framework in Frameworks */,
				80B5FE7518D133AD0035C62B /* XCTest.framework in Frameworks */,
				80B5FE7918D133AD0035C62B /* AndromedaKit.framework in Frameworks */,
			);
			runOnlyForDeploymentPostprocessing = 0;
		};
/* End PBXFrameworksBuildPhase section */

/* Begin PBXGroup section */
		8024954018D228E80071F3C4 /* Supporting Files */ = {
			isa = PBXGroup;
			children = (
				8024954118D228F70071F3C4 /* LICENSE */,
				8024954218D228F70071F3C4 /* README.md */,
			);
			name = "Supporting Files";
			sourceTree = "<group>";
		};
		8024965018D3E9C40071F3C4 /* Graphics */ = {
			isa = PBXGroup;
			children = (
				80477C1618D1320800B16692 /* AMDColor.h */,
				80477C1718D1320800B16692 /* AMDColor.m */,
				80AAD8CD18DD254300805E3D /* AMDScreen.h */,
				80AAD8CE18DD254300805E3D /* AMDScreen.m */,
			);
			path = Graphics;
			sourceTree = "<group>";
		};
		8024965118D3E9D30071F3C4 /* Networking */ = {
			isa = PBXGroup;
			children = (
				80477C1218D1320800B16692 /* AMDBonjour.h */,
				80477C1318D1320800B16692 /* AMDBonjour.m */,
				80477C2918D1320900B16692 /* AMDNetwork.h */,
				80477C2A18D1320900B16692 /* AMDNetwork.m */,
				80477C2D18D1320900B16692 /* AMDSocket.h */,
				80477C2E18D1320900B16692 /* AMDSocket.m */,
			);
			path = Networking;
			sourceTree = "<group>";
		};
		80477BC318D1313100B16692 = {
			isa = PBXGroup;
			children = (
				80477BD518D1313100B16692 /* Andromeda */,
				80B5FE6618D133AD0035C62B /* AndromedaKit */,
				80B5FE7A18D133AD0035C62B /* AndromedaKitTests */,
				8024954018D228E80071F3C4 /* Supporting Files */,
				80477BCE18D1313100B16692 /* Frameworks */,
				80477BCD18D1313100B16692 /* Products */,
				3EE7A173BE1D4DAE83B2C2D8 /* Pods.xcconfig */,
			);
			sourceTree = "<group>";
		};
		80477BCD18D1313100B16692 /* Products */ = {
			isa = PBXGroup;
			children = (
				80477BCC18D1313100B16692 /* Andromeda.app */,
				80B5FE6418D133AD0035C62B /* AndromedaKit.framework */,
				80B5FE7418D133AD0035C62B /* AndromedaKitTests.xctest */,
			);
			name = Products;
			sourceTree = "<group>";
		};
		80477BCE18D1313100B16692 /* Frameworks */ = {
			isa = PBXGroup;
			children = (
				80B682AE18D8FF7300445BF9 /* L8Framework.framework */,
				804111D518D144A100F7974F /* CoreGraphics.framework */,
				80477BCF18D1313100B16692 /* Cocoa.framework */,
				80477BEE18D1313100B16692 /* XCTest.framework */,
				80477BD118D1313100B16692 /* Other Frameworks */,
				A25A7EC0408F41F5AE04D424 /* libPods.a */,
			);
			name = Frameworks;
			sourceTree = "<group>";
		};
		80477BD118D1313100B16692 /* Other Frameworks */ = {
			isa = PBXGroup;
			children = (
				80477BD218D1313100B16692 /* AppKit.framework */,
				80477BD318D1313100B16692 /* CoreData.framework */,
				80477BD418D1313100B16692 /* Foundation.framework */,
			);
			name = "Other Frameworks";
			sourceTree = "<group>";
		};
		80477BD518D1313100B16692 /* Andromeda */ = {
			isa = PBXGroup;
			children = (
				80A3C76C18DA88DA002EEF8C /* Categories */,
				80477C0C18D1317D00B16692 /* App */,
				80477C0D18D1318300B16692 /* Resources */,
				80B3D37B18FECE6400DB0B4C /* UI */,
				80477C0E18D1318A00B16692 /* Assets */,
				80477BD618D1313100B16692 /* Supporting Files */,
			);
			path = Andromeda;
			sourceTree = "<group>";
		};
		80477BD618D1313100B16692 /* Supporting Files */ = {
			isa = PBXGroup;
			children = (
				80477BD718D1313100B16692 /* Andromeda-Info.plist */,
				80477BD818D1313100B16692 /* InfoPlist.strings */,
				80477BDB18D1313100B16692 /* main.m */,
				80477BDD18D1313100B16692 /* Andromeda-Prefix.pch */,
				80477BDE18D1313100B16692 /* Credits.rtf */,
				80A3C77918DBB64B002EEF8C /* macros.h */,
			);
			name = "Supporting Files";
			sourceTree = "<group>";
		};
		80477C0C18D1317D00B16692 /* App */ = {
			isa = PBXGroup;
			children = (
				80AAD8C718DD1B4100805E3D /* Engine */,
				80B3D37018FEBC7700DB0B4C /* Extensions */,
				80477C0F18D131E100B16692 /* JavaScript Library */,
				80A0A54219033B1700E73AA2 /* Bindings */,
				80477C1018D131EA00B16692 /* Utilities */,
				80477C3D18D1321500B16692 /* AMDAppDelegate.h */,
				80477C3E18D1321500B16692 /* AMDAppDelegate.m */,
			);
			name = App;
			path = Source;
			sourceTree = "<group>";
		};
		80477C0D18D1318300B16692 /* Resources */ = {
			isa = PBXGroup;
			children = (
				80B3D37818FECDE800DB0B4C /* JavaScript */,
				80477C4818D1325C00B16692 /* test_module.js */,
				80477C4918D1325C00B16692 /* test.js */,
				8068F4A418FDD56D0082835E /* simple_vertex_shader.vs */,
				8068F4A618FDD57E0082835E /* simple_fragment_shader.fs */,
			);
			path = Resources;
			sourceTree = "<group>";
		};
		80477C0E18D1318A00B16692 /* Assets */ = {
			isa = PBXGroup;
			children = (
				80477BE718D1313100B16692 /* Images.xcassets */,
			);
			name = Assets;
			sourceTree = "<group>";
		};
		80477C0F18D131E100B16692 /* JavaScript Library */ = {
			isa = PBXGroup;
			children = (
				8086DC8918FC798A0084D743 /* Game */,
				80AAD8D518DE7B9F00805E3D /* Input */,
				8024965118D3E9D30071F3C4 /* Networking */,
				8024965018D3E9C40071F3C4 /* Graphics */,
				80AAD8D418DE68B400805E3D /* System */,
				80AAD8D318DE68AA00805E3D /* Internal */,
			);
			name = "JavaScript Library";
			path = JavaScriptLibrary;
			sourceTree = "<group>";
		};
		80477C1018D131EA00B16692 /* Utilities */ = {
			isa = PBXGroup;
			children = (
				80477C4318D1321F00B16692 /* AMDResource.h */,
				80477C4418D1321F00B16692 /* AMDResource.m */,
				80A3C77618DA8FDD002EEF8C /* AMDFileHashing.h */,
				80A3C77718DA8FDD002EEF8C /* AMDFileHashing.m */,
				800FB74218DF8D3400AEB582 /* AMDCoordinateUtilities.h */,
				800FB74318DF8D3400AEB582 /* AMDCoordinateUtilities.m */,
			);
			path = Utilities;
			sourceTree = "<group>";
		};
		8086DC8918FC798A0084D743 /* Game */ = {
			isa = PBXGroup;
			children = (
				8086DC9018FC8EEC0084D743 /* AMDGame.h */,
				8086DC9118FC8EEC0084D743 /* AMDGame.m */,
			);
			path = Game;
			sourceTree = "<group>";
		};
		80A0A54219033B1700E73AA2 /* Bindings */ = {
			isa = PBXGroup;
			children = (
				80A0A56519045BBD00E73AA2 /* AMDBinding.h */,
				80A0A56219045BA300E73AA2 /* AMDPathBinding.h */,
				80A0A56319045BA300E73AA2 /* AMDPathBinding.m */,
				8059FBEC18FF4D0400FC66D8 /* AMDVirtualMachine.h */,
				8059FBED18FF4D0400FC66D8 /* AMDVirtualMachine.m */,
				80A0A56819045D0C00E73AA2 /* AMDHashing.h */,
				80A0A56919045D0C00E73AA2 /* AMDHashing.m */,
				80477C2118D1320800B16692 /* AMDFileSystem.h */,
				80477C2218D1320800B16692 /* AMDFileSystem.m */,
			);
			path = Bindings;
			sourceTree = "<group>";
		};
		80A3C76C18DA88DA002EEF8C /* Categories */ = {
			isa = PBXGroup;
			children = (
				80A3C76D18DA891B002EEF8C /* NSString+AMDHashing.h */,
				80A3C76E18DA891B002EEF8C /* NSString+AMDHashing.m */,
				80A3C77018DA8925002EEF8C /* NSData+AMDHashing.h */,
				80A3C77118DA8925002EEF8C /* NSData+AMDHashing.m */,
				800FB73C18DF57A900AEB582 /* NSMutableArray+AMDQueue.h */,
				800FB73D18DF57A900AEB582 /* NSMutableArray+AMDQueue.m */,
				800FB73F18DF588900AEB582 /* NSMutableArray+AMDStack.h */,
				800FB74018DF588900AEB582 /* NSMutableArray+AMDStack.m */,
			);
			name = Categories;
			path = Source/Categories;
			sourceTree = "<group>";
		};
		80AAD8C718DD1B4100805E3D /* Engine */ = {
			isa = PBXGroup;
			children = (
				80AAD8CA18DD1B9800805E3D /* AMDGraphicsView.h */,
				80AAD8CB18DD1B9800805E3D /* AMDGraphicsView.m */,
				8068F4A118FD6A2A0082835E /* AMDEngine.h */,
				8068F4A218FD6A2A0082835E /* AMDEngine.m */,
				80A0A54319033B7700E73AA2 /* AMDEvent.h */,
				80A0A54419033B7700E73AA2 /* AMDEvent.m */,
				80A0A55B1904517C00E73AA2 /* AMDEventEmitter.h */,
				80A0A55C1904517C00E73AA2 /* AMDEventEmitter.m */,
			);
			path = Engine;
			sourceTree = "<group>";
		};
		80AAD8D318DE68AA00805E3D /* Internal */ = {
			isa = PBXGroup;
			children = (
				80477C2518D1320800B16692 /* AMDJSClass.h */,
				80477C2618D1320800B16692 /* AMDJSClass.m */,
			);
			path = Internal;
			sourceTree = "<group>";
		};
		80AAD8D418DE68B400805E3D /* System */ = {
			isa = PBXGroup;
			children = (
				80477C1D18D1320800B16692 /* AMDConsole.h */,
				80477C1E18D1320800B16692 /* AMDConsole.m */,
				80B3D37518FEBD3A00DB0B4C /* AMDSystemExtension.h */,
				80B3D37618FEBD3A00DB0B4C /* AMDSystemExtension.m */,
				8059FBE918FF2C9D00FC66D8 /* AMDProcess.h */,
				8059FBEA18FF2C9D00FC66D8 /* AMDProcess.m */,
			);
			path = System;
			sourceTree = "<group>";
		};
		80AAD8D518DE7B9F00805E3D /* Input */ = {
			isa = PBXGroup;
			children = (
				80AAD8D618DE7C4C00805E3D /* AMDKeyboard.h */,
				80AAD8D718DE7C4C00805E3D /* AMDKeyboard.m */,
				80AAD8D918DE7C5500805E3D /* AMDMouse.h */,
				80AAD8DA18DE7C5500805E3D /* AMDMouse.m */,
				80AAD8DC18DE7C6000805E3D /* AMDGamepad.h */,
				80AAD8DD18DE7C6000805E3D /* AMDGamepad.m */,
				80AAD8DF18DE7C6900805E3D /* AMDInput.h */,
				80AAD8E018DE7C6900805E3D /* AMDInput.m */,
				80AAD8E218DE8D4600805E3D /* AMDInputDevice.h */,
				80AAD8E318DE8D4600805E3D /* AMDInputDevice.m */,
			);
			path = Input;
			sourceTree = "<group>";
		};
		80B3D37018FEBC7700DB0B4C /* Extensions */ = {
			isa = PBXGroup;
			children = (
				80B3D37218FEBCE300DB0B4C /* AMDEXTSQLite.h */,
				80B3D37318FEBCE300DB0B4C /* AMDEXTSQLite.m */,
			);
			path = Extensions;
			sourceTree = "<group>";
		};
		80B3D37818FECDE800DB0B4C /* JavaScript */ = {
			isa = PBXGroup;
			children = (
				80B3D37D18FEF32100DB0B4C /* andromeda.js */,
				80B3D37918FECE3100DB0B4C /* sqlite.js */,
				80A0A55E190458C400E73AA2 /* fs.js */,
				80A0A55F190458CD00E73AA2 /* net.js */,
				80A0A56B190485C000E73AA2 /* buffer.js */,
			);
			path = JavaScript;
			sourceTree = "<group>";
		};
		80B3D37B18FECE6400DB0B4C /* UI */ = {
			isa = PBXGroup;
			children = (
				80477BE418D1313100B16692 /* MainMenu.xib */,
			);
			name = UI;
			sourceTree = "<group>";
		};
		80B5FE6618D133AD0035C62B /* AndromedaKit */ = {
			isa = PBXGroup;
			children = (
				80B5FE9618D135360035C62B /* Categories */,
				80B5FE8A18D1349A0035C62B /* Resources */,
				80B5FE8E18D135100035C62B /* Game */,
				80B5FE8F18D135160035C62B /* Main */,
				80B5FE6718D133AD0035C62B /* Supporting Files */,
			);
			path = AndromedaKit;
			sourceTree = "<group>";
		};
		80B5FE6718D133AD0035C62B /* Supporting Files */ = {
			isa = PBXGroup;
			children = (
				80B5FE6818D133AD0035C62B /* AndromedaKit-Info.plist */,
				80B5FE8818D1348E0035C62B /* AndromedaKit-Prefix.pch */,
			);
			name = "Supporting Files";
			sourceTree = "<group>";
		};
		80B5FE7A18D133AD0035C62B /* AndromedaKitTests */ = {
			isa = PBXGroup;
			children = (
				80B5FE8018D133AE0035C62B /* AndromedaKitTests.m */,
				80B5FE7B18D133AD0035C62B /* Supporting Files */,
			);
			path = AndromedaKitTests;
			sourceTree = "<group>";
		};
		80B5FE7B18D133AD0035C62B /* Supporting Files */ = {
			isa = PBXGroup;
			children = (
				80B5FE7C18D133AD0035C62B /* AndromedaKitTests-Info.plist */,
			);
			name = "Supporting Files";
			sourceTree = "<group>";
		};
		80B5FE8A18D1349A0035C62B /* Resources */ = {
			isa = PBXGroup;
			children = (
				80B5FED718D135870035C62B /* AMKResource.h */,
				80B5FED818D135870035C62B /* AMKResource.m */,
				80B5FEAD18D135760035C62B /* AMKImage.h */,
				80B5FEAE18D135760035C62B /* AMKImage.m */,
				80B5FE8B18D134BA0035C62B /* Sound */,
				80B5FE8C18D134C10035C62B /* Animation */,
				80B5FE8D18D134C70035C62B /* Sphere files */,
			);
			name = Resources;
			sourceTree = "<group>";
		};
		80B5FE8B18D134BA0035C62B /* Sound */ = {
			isa = PBXGroup;
			children = (
				80B5FECF18D1357E0035C62B /* AMKSound.h */,
				80B5FED018D1357E0035C62B /* AMKSound.m */,
				80B5FED118D1357E0035C62B /* AMKSoundEffect.h */,
				80B5FED218D1357E0035C62B /* AMKSoundEffect.m */,
			);
			name = Sound;
			sourceTree = "<group>";
		};
		80B5FE8C18D134C10035C62B /* Animation */ = {
			isa = PBXGroup;
			children = (
				80B5FE9D18D135540035C62B /* AMKAnimation.h */,
				80B5FE9E18D135540035C62B /* AMKAnimation.m */,
				80B5FE9F18D135540035C62B /* AMKFLICAnimation.h */,
				80B5FEA018D135540035C62B /* AMKFLICAnimation.m */,
				80B5FEA118D135540035C62B /* AMKMNGAnimation.h */,
				80B5FEA218D135540035C62B /* AMKMNGAnimation.m */,
			);
			name = Animation;
			sourceTree = "<group>";
		};
		80B5FE8D18D134C70035C62B /* Sphere files */ = {
			isa = PBXGroup;
			children = (
				80B5FE9118D1352A0035C62B /* AMKFile.h */,
				80B5FE9218D1352A0035C62B /* AMKFile.m */,
				80B5FE9018D1352A0035C62B /* AMKFile_Private.h */,
				80B5FEA918D135760035C62B /* AMKFileSGM.h */,
				80B5FEAA18D135760035C62B /* AMKFileSGM.m */,
				80B5FEAB18D135760035C62B /* AMKFont.h */,
				80B5FEAC18D135760035C62B /* AMKFont.m */,
				80B5FEAF18D135760035C62B /* AMKMap.h */,
				80B5FEB018D135760035C62B /* AMKMap.m */,
				80B5FEB118D135760035C62B /* AMKObstructionMap.h */,
				80B5FEB218D135760035C62B /* AMKObstructionMap.m */,
				80B5FEB318D135760035C62B /* AMKPlayList.h */,
				80B5FEB418D135760035C62B /* AMKPlayList.m */,
				80B5FEB518D135760035C62B /* AMKSpriteSet.h */,
				80B5FEB618D135760035C62B /* AMKSpriteSet.m */,
				80B5FEB818D135760035C62B /* AMKTileSet.h */,
				80B5FEB918D135760035C62B /* AMKTileSet.m */,
				80B5FEB718D135760035C62B /* AMKTileSet_Private.h */,
				80B5FEBA18D135760035C62B /* AMKWindowStyle.h */,
				80B5FEBB18D135760035C62B /* AMKWindowStyle.m */,
			);
			name = "Sphere files";
			sourceTree = "<group>";
		};
		80B5FE8E18D135100035C62B /* Game */ = {
			isa = PBXGroup;
			children = (
				80B5FEDD18D1359A0035C62B /* AMKGame.h */,
				80B5FEDE18D1359A0035C62B /* AMKGame.m */,
			);
			name = Game;
			sourceTree = "<group>";
		};
		80B5FE8F18D135160035C62B /* Main */ = {
			isa = PBXGroup;
			children = (
				80B5FE9B18D135490035C62B /* AndromedaKit.h */,
				80B5FEDB18D135940035C62B /* endian.h */,
			);
			name = Main;
			sourceTree = "<group>";
		};
		80B5FE9618D135360035C62B /* Categories */ = {
			isa = PBXGroup;
			children = (
				80B5FE9718D1353F0035C62B /* NSString+AMKUtilities.h */,
				80B5FE9818D1353F0035C62B /* NSString+AMKUtilities.m */,
			);
			name = Categories;
			sourceTree = "<group>";
		};
/* End PBXGroup section */

/* Begin PBXHeadersBuildPhase section */
		80B5FE6118D133AD0035C62B /* Headers */ = {
			isa = PBXHeadersBuildPhase;
			buildActionMask = 2147483647;
			files = (
				80B5FEA318D135540035C62B /* AMKAnimation.h in Headers */,
				80B5FECB18D135760035C62B /* AMKTileSet.h in Headers */,
				80B5FEC018D135760035C62B /* AMKImage.h in Headers */,
				80B5FEA718D135540035C62B /* AMKMNGAnimation.h in Headers */,
				80B5FED518D1357E0035C62B /* AMKSoundEffect.h in Headers */,
				80B5FED918D135870035C62B /* AMKResource.h in Headers */,
				80B5FEC218D135760035C62B /* AMKMap.h in Headers */,
				80B5FE9C18D135490035C62B /* AndromedaKit.h in Headers */,
				80B5FEC418D135760035C62B /* AMKObstructionMap.h in Headers */,
				80B5FEDF18D1359A0035C62B /* AMKGame.h in Headers */,
				80B5FEC618D135760035C62B /* AMKPlayList.h in Headers */,
				80B5FEA518D135540035C62B /* AMKFLICAnimation.h in Headers */,
				80B5FE9418D1352A0035C62B /* AMKFile.h in Headers */,
				80B5FEBC18D135760035C62B /* AMKFileSGM.h in Headers */,
				80B5FECD18D135760035C62B /* AMKWindowStyle.h in Headers */,
				80B5FEBE18D135760035C62B /* AMKFont.h in Headers */,
				80B5FEC818D135760035C62B /* AMKSpriteSet.h in Headers */,
				80B5FED318D1357E0035C62B /* AMKSound.h in Headers */,
				80B5FEDC18D135940035C62B /* endian.h in Headers */,
				80B5FE9918D1353F0035C62B /* NSString+AMKUtilities.h in Headers */,
				80B5FE8918D1348E0035C62B /* AndromedaKit-Prefix.pch in Headers */,
				80B5FECA18D135760035C62B /* AMKTileSet_Private.h in Headers */,
				80B5FE9318D1352A0035C62B /* AMKFile_Private.h in Headers */,
			);
			runOnlyForDeploymentPostprocessing = 0;
		};
/* End PBXHeadersBuildPhase section */

/* Begin PBXNativeTarget section */
		80477BCB18D1313100B16692 /* Andromeda */ = {
			isa = PBXNativeTarget;
			buildConfigurationList = 80477BFD18D1313100B16692 /* Build configuration list for PBXNativeTarget "Andromeda" */;
			buildPhases = (
				CBEEED84CE8C48EAA94C0819 /* Check Pods Manifest.lock */,
				80477BC818D1313100B16692 /* Sources */,
				80477BC918D1313100B16692 /* Frameworks */,
				80477BCA18D1313100B16692 /* Resources */,
				80B682B218D90E4A00445BF9 /* Copy Private Frameworks */,
				7E1DBECE37B94DFF889EE4DA /* Copy Pods Resources */,
			);
			buildRules = (
			);
			dependencies = (
				804111D418D1440A00F7974F /* PBXTargetDependency */,
			);
			name = Andromeda;
			productName = SphereRuntime;
			productReference = 80477BCC18D1313100B16692 /* Andromeda.app */;
			productType = "com.apple.product-type.application";
		};
		80B5FE6318D133AD0035C62B /* AndromedaKit */ = {
			isa = PBXNativeTarget;
			buildConfigurationList = 80B5FE8218D133AE0035C62B /* Build configuration list for PBXNativeTarget "AndromedaKit" */;
			buildPhases = (
				80B5FE5F18D133AD0035C62B /* Sources */,
				80B5FE6018D133AD0035C62B /* Frameworks */,
				80B5FE6118D133AD0035C62B /* Headers */,
				80B5FE6218D133AD0035C62B /* Resources */,
			);
			buildRules = (
			);
			dependencies = (
			);
			name = AndromedaKit;
			productName = SphereRuntimeKit;
			productReference = 80B5FE6418D133AD0035C62B /* AndromedaKit.framework */;
			productType = "com.apple.product-type.framework";
		};
		80B5FE7318D133AD0035C62B /* AndromedaKitTests */ = {
			isa = PBXNativeTarget;
			buildConfigurationList = 80B5FE8518D133AE0035C62B /* Build configuration list for PBXNativeTarget "AndromedaKitTests" */;
			buildPhases = (
				80B5FE7018D133AD0035C62B /* Sources */,
				80B5FE7118D133AD0035C62B /* Frameworks */,
				80B5FE7218D133AD0035C62B /* Resources */,
			);
			buildRules = (
			);
			dependencies = (
				80B5FE7818D133AD0035C62B /* PBXTargetDependency */,
			);
			name = AndromedaKitTests;
			productName = SphereRuntimeKitTests;
			productReference = 80B5FE7418D133AD0035C62B /* AndromedaKitTests.xctest */;
			productType = "com.apple.product-type.bundle.unit-test";
		};
/* End PBXNativeTarget section */

/* Begin PBXProject section */
		80477BC418D1313100B16692 /* Project object */ = {
			isa = PBXProject;
			attributes = {
				CLASSPREFIX = AMD;
				LastUpgradeCheck = 0500;
				ORGANIZATIONNAME = Jarvix;
				TargetAttributes = {
					80B5FE7318D133AD0035C62B = {
						TestTargetID = 80477BCB18D1313100B16692;
					};
				};
			};
			buildConfigurationList = 80477BC718D1313100B16692 /* Build configuration list for PBXProject "Andromeda" */;
			compatibilityVersion = "Xcode 3.2";
			developmentRegion = English;
			hasScannedForEncodings = 0;
			knownRegions = (
				en,
				Base,
			);
			mainGroup = 80477BC318D1313100B16692;
			productRefGroup = 80477BCD18D1313100B16692 /* Products */;
			projectDirPath = "";
			projectRoot = "";
			targets = (
				80477BCB18D1313100B16692 /* Andromeda */,
				80B5FE6318D133AD0035C62B /* AndromedaKit */,
				80B5FE7318D133AD0035C62B /* AndromedaKitTests */,
			);
		};
/* End PBXProject section */

/* Begin PBXResourcesBuildPhase section */
		80477BCA18D1313100B16692 /* Resources */ = {
			isa = PBXResourcesBuildPhase;
			buildActionMask = 2147483647;
			files = (
				80477BDA18D1313100B16692 /* InfoPlist.strings in Resources */,
				80477BE818D1313100B16692 /* Images.xcassets in Resources */,
				8068F4A518FDD56D0082835E /* simple_vertex_shader.vs in Resources */,
				8068F4A718FDD57E0082835E /* simple_fragment_shader.fs in Resources */,
				80B3D37C18FED22D00DB0B4C /* sqlite.js in Resources */,
				80477BE018D1313100B16692 /* Credits.rtf in Resources */,
				80B5FE5C18D1332B0035C62B /* test_module.js in Resources */,
				80A0A56C190485C000E73AA2 /* buffer.js in Resources */,
				80B3D37E18FEF33500DB0B4C /* andromeda.js in Resources */,
				80A0A560190458DA00E73AA2 /* fs.js in Resources */,
				80A0A561190458DA00E73AA2 /* net.js in Resources */,
				80B5FE5D18D1332B0035C62B /* test.js in Resources */,
				80B5FE5E18D133380035C62B /* MainMenu.xib in Resources */,
			);
			runOnlyForDeploymentPostprocessing = 0;
		};
		80B5FE6218D133AD0035C62B /* Resources */ = {
			isa = PBXResourcesBuildPhase;
			buildActionMask = 2147483647;
			files = (
			);
			runOnlyForDeploymentPostprocessing = 0;
		};
		80B5FE7218D133AD0035C62B /* Resources */ = {
			isa = PBXResourcesBuildPhase;
			buildActionMask = 2147483647;
			files = (
			);
			runOnlyForDeploymentPostprocessing = 0;
		};
/* End PBXResourcesBuildPhase section */

/* Begin PBXShellScriptBuildPhase section */
		7E1DBECE37B94DFF889EE4DA /* Copy Pods Resources */ = {
			isa = PBXShellScriptBuildPhase;
			buildActionMask = 2147483647;
			files = (
			);
			inputPaths = (
			);
			name = "Copy Pods Resources";
			outputPaths = (
			);
			runOnlyForDeploymentPostprocessing = 0;
			shellPath = /bin/sh;
			shellScript = "\"${SRCROOT}/Pods/Pods-resources.sh\"\n";
			showEnvVarsInLog = 0;
		};
		CBEEED84CE8C48EAA94C0819 /* Check Pods Manifest.lock */ = {
			isa = PBXShellScriptBuildPhase;
			buildActionMask = 2147483647;
			files = (
			);
			inputPaths = (
			);
			name = "Check Pods Manifest.lock";
			outputPaths = (
			);
			runOnlyForDeploymentPostprocessing = 0;
			shellPath = /bin/sh;
			shellScript = "diff \"${PODS_ROOT}/../Podfile.lock\" \"${PODS_ROOT}/Manifest.lock\" > /dev/null\nif [[ $? != 0 ]] ; then\n    cat << EOM\nerror: The sandbox is not in sync with the Podfile.lock. Run 'pod install' or update your CocoaPods installation.\nEOM\n    exit 1\nfi\n";
			showEnvVarsInLog = 0;
		};
/* End PBXShellScriptBuildPhase section */

/* Begin PBXSourcesBuildPhase section */
		80477BC818D1313100B16692 /* Sources */ = {
			isa = PBXSourcesBuildPhase;
			buildActionMask = 2147483647;
			files = (
				80A3C77818DA8FDD002EEF8C /* AMDFileHashing.m in Sources */,
				80477C2F18D1320900B16692 /* AMDBonjour.m in Sources */,
				80477C3618D1320900B16692 /* AMDFileSystem.m in Sources */,
				80AAD8E418DE8D4600805E3D /* AMDInputDevice.m in Sources */,
				80477C3C18D1320900B16692 /* AMDSocket.m in Sources */,
				80AAD8E118DE7C6900805E3D /* AMDInput.m in Sources */,
				80A0A54519033B7700E73AA2 /* AMDEvent.m in Sources */,
				80AAD8DE18DE7C6000805E3D /* AMDGamepad.m in Sources */,
				80AAD8DB18DE7C5500805E3D /* AMDMouse.m in Sources */,
				8086DC9218FC8EEC0084D743 /* AMDGame.m in Sources */,
				80B3D37718FEBD3A00DB0B4C /* AMDSystemExtension.m in Sources */,
				800FB74418DF8D3400AEB582 /* AMDCoordinateUtilities.m in Sources */,
				8068F4A318FD6A2A0082835E /* AMDEngine.m in Sources */,
				80477C3F18D1321500B16692 /* AMDAppDelegate.m in Sources */,
				80A0A55D1904517C00E73AA2 /* AMDEventEmitter.m in Sources */,
				80477C4518D1321F00B16692 /* AMDResource.m in Sources */,
				80AAD8CF18DD254300805E3D /* AMDScreen.m in Sources */,
				80477C3118D1320900B16692 /* AMDColor.m in Sources */,
				8059FBEB18FF2C9D00FC66D8 /* AMDProcess.m in Sources */,
				80AAD8CC18DD1B9800805E3D /* AMDGraphicsView.m in Sources */,
				80A3C76F18DA891B002EEF8C /* NSString+AMDHashing.m in Sources */,
				8059FBEE18FF4D0400FC66D8 /* AMDVirtualMachine.m in Sources */,
				80AAD8D818DE7C4C00805E3D /* AMDKeyboard.m in Sources */,
				80477BDC18D1313100B16692 /* main.m in Sources */,
				80A3C77218DA8925002EEF8C /* NSData+AMDHashing.m in Sources */,
				800FB73E18DF57A900AEB582 /* NSMutableArray+AMDQueue.m in Sources */,
				80A0A56A19045D0C00E73AA2 /* AMDHashing.m in Sources */,
				80477C3418D1320900B16692 /* AMDConsole.m in Sources */,
				80477C3A18D1320900B16692 /* AMDNetwork.m in Sources */,
				80477C3818D1320900B16692 /* AMDJSClass.m in Sources */,
				80B3D37418FEBCE300DB0B4C /* AMDEXTSQLite.m in Sources */,
				800FB74118DF588900AEB582 /* NSMutableArray+AMDStack.m in Sources */,
				80A0A56419045BA300E73AA2 /* AMDPathBinding.m in Sources */,
			);
			runOnlyForDeploymentPostprocessing = 0;
		};
		80B5FE5F18D133AD0035C62B /* Sources */ = {
			isa = PBXSourcesBuildPhase;
			buildActionMask = 2147483647;
			files = (
				80B5FED418D1357E0035C62B /* AMKSound.m in Sources */,
				80B5FED618D1357E0035C62B /* AMKSoundEffect.m in Sources */,
				80B5FEC118D135760035C62B /* AMKImage.m in Sources */,
				80B5FEA818D135540035C62B /* AMKMNGAnimation.m in Sources */,
				80B5FEC318D135760035C62B /* AMKMap.m in Sources */,
				80B5FE9518D1352A0035C62B /* AMKFile.m in Sources */,
				80B5FEE018D1359A0035C62B /* AMKGame.m in Sources */,
				80B5FEA418D135540035C62B /* AMKAnimation.m in Sources */,
				80B5FE9A18D1353F0035C62B /* NSString+AMKUtilities.m in Sources */,
				80B5FEBD18D135760035C62B /* AMKFileSGM.m in Sources */,
				80B5FEA618D135540035C62B /* AMKFLICAnimation.m in Sources */,
				80B5FEDA18D135870035C62B /* AMKResource.m in Sources */,
				80B5FEC918D135760035C62B /* AMKSpriteSet.m in Sources */,
				80B5FEC518D135760035C62B /* AMKObstructionMap.m in Sources */,
				80B5FECE18D135760035C62B /* AMKWindowStyle.m in Sources */,
				80B5FECC18D135760035C62B /* AMKTileSet.m in Sources */,
				80B5FEBF18D135760035C62B /* AMKFont.m in Sources */,
				80B5FEC718D135760035C62B /* AMKPlayList.m in Sources */,
			);
			runOnlyForDeploymentPostprocessing = 0;
		};
		80B5FE7018D133AD0035C62B /* Sources */ = {
			isa = PBXSourcesBuildPhase;
			buildActionMask = 2147483647;
			files = (
				80B5FE8118D133AE0035C62B /* AndromedaKitTests.m in Sources */,
			);
			runOnlyForDeploymentPostprocessing = 0;
		};
/* End PBXSourcesBuildPhase section */

/* Begin PBXTargetDependency section */
		804111D418D1440A00F7974F /* PBXTargetDependency */ = {
			isa = PBXTargetDependency;
			target = 80B5FE6318D133AD0035C62B /* AndromedaKit */;
			targetProxy = 804111D318D1440A00F7974F /* PBXContainerItemProxy */;
		};
		80B5FE7818D133AD0035C62B /* PBXTargetDependency */ = {
			isa = PBXTargetDependency;
			target = 80B5FE6318D133AD0035C62B /* AndromedaKit */;
			targetProxy = 80B5FE7718D133AD0035C62B /* PBXContainerItemProxy */;
		};
/* End PBXTargetDependency section */

/* Begin PBXVariantGroup section */
		80477BD818D1313100B16692 /* InfoPlist.strings */ = {
			isa = PBXVariantGroup;
			children = (
				80477BD918D1313100B16692 /* en */,
			);
			name = InfoPlist.strings;
			sourceTree = "<group>";
		};
		80477BDE18D1313100B16692 /* Credits.rtf */ = {
			isa = PBXVariantGroup;
			children = (
				80477BDF18D1313100B16692 /* en */,
			);
			name = Credits.rtf;
			sourceTree = "<group>";
		};
		80477BE418D1313100B16692 /* MainMenu.xib */ = {
			isa = PBXVariantGroup;
			children = (
				80477BE518D1313100B16692 /* Base */,
			);
			name = MainMenu.xib;
			sourceTree = "<group>";
		};
/* End PBXVariantGroup section */

/* Begin XCBuildConfiguration section */
		80477BFB18D1313100B16692 /* Debug */ = {
			isa = XCBuildConfiguration;
			buildSettings = {
				ALWAYS_SEARCH_USER_PATHS = NO;
				CLANG_CXX_LANGUAGE_STANDARD = "gnu++0x";
				CLANG_CXX_LIBRARY = "libc++";
				CLANG_ENABLE_OBJC_ARC = YES;
				CLANG_WARN_BOOL_CONVERSION = YES;
				CLANG_WARN_CONSTANT_CONVERSION = YES;
				CLANG_WARN_DIRECT_OBJC_ISA_USAGE = YES_ERROR;
				CLANG_WARN_EMPTY_BODY = YES;
				CLANG_WARN_ENUM_CONVERSION = YES;
				CLANG_WARN_INT_CONVERSION = YES;
				CLANG_WARN_OBJC_ROOT_CLASS = YES_ERROR;
				CLANG_WARN__DUPLICATE_METHOD_MATCH = YES;
				COPY_PHASE_STRIP = NO;
				GCC_C_LANGUAGE_STANDARD = gnu99;
				GCC_DYNAMIC_NO_PIC = NO;
				GCC_ENABLE_OBJC_EXCEPTIONS = YES;
				GCC_OPTIMIZATION_LEVEL = 0;
				GCC_PREPROCESSOR_DEFINITIONS = (
					"DEBUG=1",
					"$(inherited)",
				);
				GCC_SYMBOLS_PRIVATE_EXTERN = NO;
				GCC_WARN_64_TO_32_BIT_CONVERSION = YES;
				GCC_WARN_ABOUT_RETURN_TYPE = YES_ERROR;
				GCC_WARN_UNDECLARED_SELECTOR = YES;
				GCC_WARN_UNINITIALIZED_AUTOS = YES;
				GCC_WARN_UNUSED_FUNCTION = YES;
				GCC_WARN_UNUSED_VARIABLE = YES;
				MACOSX_DEPLOYMENT_TARGET = 10.9;
				ONLY_ACTIVE_ARCH = YES;
				OTHER_CFLAGS = (
					"-Wextra",
					"-Wno-unused-parameter",
					"-Wunreachable-code",
				);
				SDKROOT = macosx;
			};
			name = Debug;
		};
		80477BFC18D1313100B16692 /* Release */ = {
			isa = XCBuildConfiguration;
			buildSettings = {
				ALWAYS_SEARCH_USER_PATHS = NO;
				CLANG_CXX_LANGUAGE_STANDARD = "gnu++0x";
				CLANG_CXX_LIBRARY = "libc++";
				CLANG_ENABLE_OBJC_ARC = YES;
				CLANG_WARN_BOOL_CONVERSION = YES;
				CLANG_WARN_CONSTANT_CONVERSION = YES;
				CLANG_WARN_DIRECT_OBJC_ISA_USAGE = YES_ERROR;
				CLANG_WARN_EMPTY_BODY = YES;
				CLANG_WARN_ENUM_CONVERSION = YES;
				CLANG_WARN_INT_CONVERSION = YES;
				CLANG_WARN_OBJC_ROOT_CLASS = YES_ERROR;
				CLANG_WARN__DUPLICATE_METHOD_MATCH = YES;
				COPY_PHASE_STRIP = YES;
				DEBUG_INFORMATION_FORMAT = "dwarf-with-dsym";
				ENABLE_NS_ASSERTIONS = NO;
				GCC_C_LANGUAGE_STANDARD = gnu99;
				GCC_ENABLE_OBJC_EXCEPTIONS = YES;
				GCC_WARN_64_TO_32_BIT_CONVERSION = YES;
				GCC_WARN_ABOUT_RETURN_TYPE = YES_ERROR;
				GCC_WARN_UNDECLARED_SELECTOR = YES;
				GCC_WARN_UNINITIALIZED_AUTOS = YES;
				GCC_WARN_UNUSED_FUNCTION = YES;
				GCC_WARN_UNUSED_VARIABLE = YES;
				MACOSX_DEPLOYMENT_TARGET = 10.9;
				OTHER_CFLAGS = (
					"-Wextra",
					"-Wno-unused-parameter",
					"-Wunreachable-code",
				);
				SDKROOT = macosx;
			};
			name = Release;
		};
		80477BFE18D1313100B16692 /* Debug */ = {
			isa = XCBuildConfiguration;
			baseConfigurationReference = 3EE7A173BE1D4DAE83B2C2D8 /* Pods.xcconfig */;
			buildSettings = {
				ASSETCATALOG_COMPILER_APPICON_NAME = AppIcon;
				CLANG_ENABLE_MODULES = YES;
				COMBINE_HIDPI_IMAGES = YES;
				FRAMEWORK_SEARCH_PATHS = (
					"$(inherited)",
					"$(PROJECT_DIR)/Frameworks",
					"\"$(SRCROOT)/Frameworks\"",
				);
				GCC_PRECOMPILE_PREFIX_HEADER = YES;
				GCC_PREFIX_HEADER = "Andromeda/Source/Andromeda-Prefix.pch";
				INFOPLIST_FILE = "Andromeda/Andromeda-Info.plist";
				INSTALL_PATH = "$(HOME)/Applications";
				LD_RUNPATH_SEARCH_PATHS = "";
				OTHER_LDFLAGS = (
					"-rpath",
					"@executable_path/../Frameworks",
					"$(inherited)",
				);
				PRODUCT_NAME = Andromeda;
				WRAPPER_EXTENSION = app;
			};
			name = Debug;
		};
		80477BFF18D1313100B16692 /* Release */ = {
			isa = XCBuildConfiguration;
			baseConfigurationReference = 3EE7A173BE1D4DAE83B2C2D8 /* Pods.xcconfig */;
			buildSettings = {
				ASSETCATALOG_COMPILER_APPICON_NAME = AppIcon;
				CLANG_ENABLE_MODULES = YES;
				COMBINE_HIDPI_IMAGES = YES;
				FRAMEWORK_SEARCH_PATHS = (
					"$(inherited)",
					"$(PROJECT_DIR)/Frameworks",
					"\"$(SRCROOT)/Frameworks\"",
				);
				GCC_PRECOMPILE_PREFIX_HEADER = YES;
				GCC_PREFIX_HEADER = "Andromeda/Source/Andromeda-Prefix.pch";
				INFOPLIST_FILE = "Andromeda/Andromeda-Info.plist";
				INSTALL_PATH = "$(HOME)/Applications";
				LD_RUNPATH_SEARCH_PATHS = "";
				OTHER_LDFLAGS = (
					"-rpath",
					"@executable_path/../Frameworks",
					"$(inherited)",
				);
				PRODUCT_NAME = Andromeda;
				WRAPPER_EXTENSION = app;
			};
			name = Release;
		};
		80B5FE8318D133AE0035C62B /* Debug */ = {
			isa = XCBuildConfiguration;
			buildSettings = {
				COMBINE_HIDPI_IMAGES = YES;
				DYLIB_COMPATIBILITY_VERSION = 1;
				DYLIB_CURRENT_VERSION = 1;
				FRAMEWORK_VERSION = A;
				GCC_PRECOMPILE_PREFIX_HEADER = YES;
				GCC_PREFIX_HEADER = "AndromedaKit/Source/AndromedaKit-Prefix.pch";
				GCC_PREPROCESSOR_DEFINITIONS = (
					"DEBUG=1",
					"$(inherited)",
				);
				INFOPLIST_FILE = "AndromedaKit/AndromedaKit-Info.plist";
				PRODUCT_NAME = AndromedaKit;
				WRAPPER_EXTENSION = framework;
			};
			name = Debug;
		};
		80B5FE8418D133AE0035C62B /* Release */ = {
			isa = XCBuildConfiguration;
			buildSettings = {
				COMBINE_HIDPI_IMAGES = YES;
				DYLIB_COMPATIBILITY_VERSION = 1;
				DYLIB_CURRENT_VERSION = 1;
				FRAMEWORK_VERSION = A;
				GCC_PRECOMPILE_PREFIX_HEADER = YES;
				GCC_PREFIX_HEADER = "AndromedaKit/Source/AndromedaKit-Prefix.pch";
				INFOPLIST_FILE = "AndromedaKit/AndromedaKit-Info.plist";
				PRODUCT_NAME = AndromedaKit;
				WRAPPER_EXTENSION = framework;
			};
			name = Release;
		};
		80B5FE8618D133AE0035C62B /* Debug */ = {
			isa = XCBuildConfiguration;
			buildSettings = {
				BUNDLE_LOADER = "$(BUILT_PRODUCTS_DIR)/Andromeda.app/Contents/MacOS/Andromeda";
				COMBINE_HIDPI_IMAGES = YES;
				FRAMEWORK_SEARCH_PATHS = (
					"$(DEVELOPER_FRAMEWORKS_DIR)",
					"$(inherited)",
				);
				GCC_PRECOMPILE_PREFIX_HEADER = YES;
				GCC_PREFIX_HEADER = "SphereRuntimeKit/SphereRuntimeKit-Prefix.pch";
				GCC_PREPROCESSOR_DEFINITIONS = (
					"DEBUG=1",
					"$(inherited)",
				);
				INFOPLIST_FILE = "AndromedaKitTests/AndromedaKitTests-Info.plist";
				PRODUCT_NAME = AndromedaKitTests;
				TEST_HOST = "$(BUNDLE_LOADER)";
				WRAPPER_EXTENSION = xctest;
			};
			name = Debug;
		};
		80B5FE8718D133AE0035C62B /* Release */ = {
			isa = XCBuildConfiguration;
			buildSettings = {
				BUNDLE_LOADER = "$(BUILT_PRODUCTS_DIR)/Andromeda.app/Contents/MacOS/Andromeda";
				COMBINE_HIDPI_IMAGES = YES;
				FRAMEWORK_SEARCH_PATHS = (
					"$(DEVELOPER_FRAMEWORKS_DIR)",
					"$(inherited)",
				);
				GCC_PRECOMPILE_PREFIX_HEADER = YES;
				GCC_PREFIX_HEADER = "SphereRuntimeKit/SphereRuntimeKit-Prefix.pch";
				INFOPLIST_FILE = "AndromedaKitTests/AndromedaKitTests-Info.plist";
				PRODUCT_NAME = AndromedaKitTests;
				TEST_HOST = "$(BUNDLE_LOADER)";
				WRAPPER_EXTENSION = xctest;
			};
			name = Release;
		};
/* End XCBuildConfiguration section */

/* Begin XCConfigurationList section */
		80477BC718D1313100B16692 /* Build configuration list for PBXProject "Andromeda" */ = {
			isa = XCConfigurationList;
			buildConfigurations = (
				80477BFB18D1313100B16692 /* Debug */,
				80477BFC18D1313100B16692 /* Release */,
			);
			defaultConfigurationIsVisible = 0;
			defaultConfigurationName = Release;
		};
		80477BFD18D1313100B16692 /* Build configuration list for PBXNativeTarget "Andromeda" */ = {
			isa = XCConfigurationList;
			buildConfigurations = (
				80477BFE18D1313100B16692 /* Debug */,
				80477BFF18D1313100B16692 /* Release */,
			);
			defaultConfigurationIsVisible = 0;
			defaultConfigurationName = Release;
		};
		80B5FE8218D133AE0035C62B /* Build configuration list for PBXNativeTarget "AndromedaKit" */ = {
			isa = XCConfigurationList;
			buildConfigurations = (
				80B5FE8318D133AE0035C62B /* Debug */,
				80B5FE8418D133AE0035C62B /* Release */,
			);
			defaultConfigurationIsVisible = 0;
			defaultConfigurationName = Release;
		};
		80B5FE8518D133AE0035C62B /* Build configuration list for PBXNativeTarget "AndromedaKitTests" */ = {
			isa = XCConfigurationList;
			buildConfigurations = (
				80B5FE8618D133AE0035C62B /* Debug */,
				80B5FE8718D133AE0035C62B /* Release */,
			);
			defaultConfigurationIsVisible = 0;
			defaultConfigurationName = Release;
		};
/* End XCConfigurationList section */
	};
	rootObject = 80477BC418D1313100B16692 /* Project object */;
}
